// !$*UTF8*$!
{
	archiveVersion = 1;
	classes = {
	};
	objectVersion = 51;
	objects = {

/* Begin PBXBuildFile section */
		1ACE8859C339AE8C37058D87 /* Pods_ZeroWaste.framework in Frameworks */ = {isa = PBXBuildFile; fileRef = E360E0AF364B82DDE1FA7DD9 /* Pods_ZeroWaste.framework */; };
		229BD28526347E59002CD21B /* ContentsTabView.swift in Sources */ = {isa = PBXBuildFile; fileRef = 229BD28426347E59002CD21B /* ContentsTabView.swift */; };
		229BD28D26347F94002CD21B /* MissionHomeView.swift in Sources */ = {isa = PBXBuildFile; fileRef = 229BD28C26347F94002CD21B /* MissionHomeView.swift */; };
		229BD2932634FB57002CD21B /* MissionCell.swift in Sources */ = {isa = PBXBuildFile; fileRef = 229BD2922634FB57002CD21B /* MissionCell.swift */; };
		229BD29B26351C72002CD21B /* MissionView.swift in Sources */ = {isa = PBXBuildFile; fileRef = 229BD29A26351C72002CD21B /* MissionView.swift */; };
		229BD2A126353887002CD21B /* StoreMapView.swift in Sources */ = {isa = PBXBuildFile; fileRef = 229BD2A026353887002CD21B /* StoreMapView.swift */; };
		229BD2A9263540CF002CD21B /* RegistStoreView.swift in Sources */ = {isa = PBXBuildFile; fileRef = 229BD2A8263540CF002CD21B /* RegistStoreView.swift */; };
		229BD2AF263542E0002CD21B /* CTAButtonStyle.swift in Sources */ = {isa = PBXBuildFile; fileRef = 229BD2AE263542E0002CD21B /* CTAButtonStyle.swift */; };
		22B4ACCB262C1E1600B87217 /* ZeroWasteTests.swift in Sources */ = {isa = PBXBuildFile; fileRef = 22B4ACCA262C1E1600B87217 /* ZeroWasteTests.swift */; };
		22B4ACD6262C1E1700B87217 /* ZeroWasteUITests.swift in Sources */ = {isa = PBXBuildFile; fileRef = 22B4ACD5262C1E1700B87217 /* ZeroWasteUITests.swift */; };
		22CBD6A3264BC480007D87A1 /* ContentView.swift in Sources */ = {isa = PBXBuildFile; fileRef = 22CBD6A2264BC480007D87A1 /* ContentView.swift */; };
		22CBD6B6264BC525007D87A1 /* ZeroWasteApp.swift in Sources */ = {isa = PBXBuildFile; fileRef = 22CBD6B5264BC525007D87A1 /* ZeroWasteApp.swift */; };
		40256BD626342507007DE62D /* InitialView.swift in Sources */ = {isa = PBXBuildFile; fileRef = 40256BD526342507007DE62D /* InitialView.swift */; };
		40256BE52634294A007DE62D /* LoginView.swift in Sources */ = {isa = PBXBuildFile; fileRef = 40256BE42634294A007DE62D /* LoginView.swift */; };
		40256BEA26342953007DE62D /* ServiceIntroductionView.swift in Sources */ = {isa = PBXBuildFile; fileRef = 40256BE926342953007DE62D /* ServiceIntroductionView.swift */; };
		407EA4C3264240AA00276EF6 /* ServiceProvider.swift in Sources */ = {isa = PBXBuildFile; fileRef = 407EA4C2264240AA00276EF6 /* ServiceProvider.swift */; };
		407EA4C52642452B00276EF6 /* ServiceIntroductionViewModel.swift in Sources */ = {isa = PBXBuildFile; fileRef = 407EA4C42642452B00276EF6 /* ServiceIntroductionViewModel.swift */; };
		407EA4C72642453E00276EF6 /* ResolutionViewModel.swift in Sources */ = {isa = PBXBuildFile; fileRef = 407EA4C62642453E00276EF6 /* ResolutionViewModel.swift */; };
		407EA4C92642455000276EF6 /* MyCharacterViewModel.swift in Sources */ = {isa = PBXBuildFile; fileRef = 407EA4C82642455000276EF6 /* MyCharacterViewModel.swift */; };
		40C71419263E65EF00AAB3E8 /* ResolutionView.swift in Sources */ = {isa = PBXBuildFile; fileRef = 40C71418263E65EF00AAB3E8 /* ResolutionView.swift */; };
		40C7141B263E676300AAB3E8 /* NextButtonView.swift in Sources */ = {isa = PBXBuildFile; fileRef = 40C7141A263E676300AAB3E8 /* NextButtonView.swift */; };
		40C7141D263E765B00AAB3E8 /* MyCharacterView.swift in Sources */ = {isa = PBXBuildFile; fileRef = 40C7141C263E765B00AAB3E8 /* MyCharacterView.swift */; };
		40EFA2032636D8310068BBB6 /* LoginViewModel.swift in Sources */ = {isa = PBXBuildFile; fileRef = 40EFA2022636D8310068BBB6 /* LoginViewModel.swift */; };
		40FBA9752634199400906DC5 /* ViewModelType.swift in Sources */ = {isa = PBXBuildFile; fileRef = 40FBA9742634199400906DC5 /* ViewModelType.swift */; };
		40FBA97D26341A0500906DC5 /* InitialViewModel.swift in Sources */ = {isa = PBXBuildFile; fileRef = 40FBA97C26341A0500906DC5 /* InitialViewModel.swift */; };
		712D11B7912D3F97C72EB834 /* Pods_ZeroWaste_ZeroWasteUITests.framework in Frameworks */ = {isa = PBXBuildFile; fileRef = E74EA2B675E919167ACF2992 /* Pods_ZeroWaste_ZeroWasteUITests.framework */; };
		7F3807F1C67BF261164B0D89 /* Pods_ZeroWasteTests.framework in Frameworks */ = {isa = PBXBuildFile; fileRef = 59284DE77EC50EED7CF9C4D4 /* Pods_ZeroWasteTests.framework */; };
/* End PBXBuildFile section */

/* Begin PBXContainerItemProxy section */
		22B4ACC7262C1E1600B87217 /* PBXContainerItemProxy */ = {
			isa = PBXContainerItemProxy;
			containerPortal = 22B4ACAD262C1E1500B87217 /* Project object */;
			proxyType = 1;
			remoteGlobalIDString = 22B4ACB4262C1E1500B87217;
			remoteInfo = ZeroWaste;
		};
		22B4ACD2262C1E1700B87217 /* PBXContainerItemProxy */ = {
			isa = PBXContainerItemProxy;
			containerPortal = 22B4ACAD262C1E1500B87217 /* Project object */;
			proxyType = 1;
			remoteGlobalIDString = 22B4ACB4262C1E1500B87217;
			remoteInfo = ZeroWaste;
		};
/* End PBXContainerItemProxy section */

/* Begin PBXFileReference section */
		229BD28426347E59002CD21B /* ContentsTabView.swift */ = {isa = PBXFileReference; lastKnownFileType = sourcecode.swift; path = ContentsTabView.swift; sourceTree = "<group>"; };
		229BD28C26347F94002CD21B /* MissionHomeView.swift */ = {isa = PBXFileReference; lastKnownFileType = sourcecode.swift; path = MissionHomeView.swift; sourceTree = "<group>"; };
		229BD2922634FB57002CD21B /* MissionCell.swift */ = {isa = PBXFileReference; lastKnownFileType = sourcecode.swift; path = MissionCell.swift; sourceTree = "<group>"; };
		229BD29A26351C72002CD21B /* MissionView.swift */ = {isa = PBXFileReference; lastKnownFileType = sourcecode.swift; path = MissionView.swift; sourceTree = "<group>"; };
		229BD2A026353887002CD21B /* StoreMapView.swift */ = {isa = PBXFileReference; lastKnownFileType = sourcecode.swift; path = StoreMapView.swift; sourceTree = "<group>"; };
		229BD2A8263540CF002CD21B /* RegistStoreView.swift */ = {isa = PBXFileReference; lastKnownFileType = sourcecode.swift; path = RegistStoreView.swift; sourceTree = "<group>"; };
		229BD2AE263542E0002CD21B /* CTAButtonStyle.swift */ = {isa = PBXFileReference; lastKnownFileType = sourcecode.swift; path = CTAButtonStyle.swift; sourceTree = "<group>"; };
		22B4ACB5262C1E1500B87217 /* ZeroWaste.app */ = {isa = PBXFileReference; explicitFileType = wrapper.application; includeInIndex = 0; path = ZeroWaste.app; sourceTree = BUILT_PRODUCTS_DIR; };
		22B4ACC6262C1E1600B87217 /* ZeroWasteTests.xctest */ = {isa = PBXFileReference; explicitFileType = wrapper.cfbundle; includeInIndex = 0; path = ZeroWasteTests.xctest; sourceTree = BUILT_PRODUCTS_DIR; };
		22B4ACCA262C1E1600B87217 /* ZeroWasteTests.swift */ = {isa = PBXFileReference; lastKnownFileType = sourcecode.swift; path = ZeroWasteTests.swift; sourceTree = "<group>"; };
		22B4ACCC262C1E1600B87217 /* Info.plist */ = {isa = PBXFileReference; lastKnownFileType = text.plist.xml; path = Info.plist; sourceTree = "<group>"; };
		22B4ACD1262C1E1700B87217 /* ZeroWasteUITests.xctest */ = {isa = PBXFileReference; explicitFileType = wrapper.cfbundle; includeInIndex = 0; path = ZeroWasteUITests.xctest; sourceTree = BUILT_PRODUCTS_DIR; };
		22B4ACD5262C1E1700B87217 /* ZeroWasteUITests.swift */ = {isa = PBXFileReference; lastKnownFileType = sourcecode.swift; path = ZeroWasteUITests.swift; sourceTree = "<group>"; };
		22B4ACD7262C1E1700B87217 /* Info.plist */ = {isa = PBXFileReference; lastKnownFileType = text.plist.xml; path = Info.plist; sourceTree = "<group>"; };
		22CBD6A2264BC480007D87A1 /* ContentView.swift */ = {isa = PBXFileReference; fileEncoding = 4; lastKnownFileType = sourcecode.swift; path = ContentView.swift; sourceTree = "<group>"; };
		22CBD6B5264BC525007D87A1 /* ZeroWasteApp.swift */ = {isa = PBXFileReference; fileEncoding = 4; lastKnownFileType = sourcecode.swift; path = ZeroWasteApp.swift; sourceTree = "<group>"; };
		3C034AD7BC4460DD09EAB5ED /* Pods-ZeroWaste-ZeroWasteUITests.release.xcconfig */ = {isa = PBXFileReference; includeInIndex = 1; lastKnownFileType = text.xcconfig; name = "Pods-ZeroWaste-ZeroWasteUITests.release.xcconfig"; path = "Target Support Files/Pods-ZeroWaste-ZeroWasteUITests/Pods-ZeroWaste-ZeroWasteUITests.release.xcconfig"; sourceTree = "<group>"; };
		40256BD526342507007DE62D /* InitialView.swift */ = {isa = PBXFileReference; lastKnownFileType = sourcecode.swift; path = InitialView.swift; sourceTree = "<group>"; };
		40256BE42634294A007DE62D /* LoginView.swift */ = {isa = PBXFileReference; lastKnownFileType = sourcecode.swift; path = LoginView.swift; sourceTree = "<group>"; };
		40256BE926342953007DE62D /* ServiceIntroductionView.swift */ = {isa = PBXFileReference; lastKnownFileType = sourcecode.swift; path = ServiceIntroductionView.swift; sourceTree = "<group>"; };
		407EA4C2264240AA00276EF6 /* ServiceProvider.swift */ = {isa = PBXFileReference; lastKnownFileType = sourcecode.swift; path = ServiceProvider.swift; sourceTree = "<group>"; };
		407EA4C42642452B00276EF6 /* ServiceIntroductionViewModel.swift */ = {isa = PBXFileReference; lastKnownFileType = sourcecode.swift; path = ServiceIntroductionViewModel.swift; sourceTree = "<group>"; };
		407EA4C62642453E00276EF6 /* ResolutionViewModel.swift */ = {isa = PBXFileReference; lastKnownFileType = sourcecode.swift; path = ResolutionViewModel.swift; sourceTree = "<group>"; };
		407EA4C82642455000276EF6 /* MyCharacterViewModel.swift */ = {isa = PBXFileReference; lastKnownFileType = sourcecode.swift; path = MyCharacterViewModel.swift; sourceTree = "<group>"; };
		40C71418263E65EF00AAB3E8 /* ResolutionView.swift */ = {isa = PBXFileReference; lastKnownFileType = sourcecode.swift; path = ResolutionView.swift; sourceTree = "<group>"; };
		40C7141A263E676300AAB3E8 /* NextButtonView.swift */ = {isa = PBXFileReference; lastKnownFileType = sourcecode.swift; path = NextButtonView.swift; sourceTree = "<group>"; };
		40C7141C263E765B00AAB3E8 /* MyCharacterView.swift */ = {isa = PBXFileReference; lastKnownFileType = sourcecode.swift; path = MyCharacterView.swift; sourceTree = "<group>"; };
		40EFA1F52636D6780068BBB6 /* ZeroWaste.entitlements */ = {isa = PBXFileReference; lastKnownFileType = text.plist.entitlements; path = ZeroWaste.entitlements; sourceTree = "<group>"; };
		40EFA2022636D8310068BBB6 /* LoginViewModel.swift */ = {isa = PBXFileReference; lastKnownFileType = sourcecode.swift; path = LoginViewModel.swift; sourceTree = "<group>"; };
		40FBA9742634199400906DC5 /* ViewModelType.swift */ = {isa = PBXFileReference; lastKnownFileType = sourcecode.swift; path = ViewModelType.swift; sourceTree = "<group>"; };
		40FBA97C26341A0500906DC5 /* InitialViewModel.swift */ = {isa = PBXFileReference; lastKnownFileType = sourcecode.swift; path = InitialViewModel.swift; sourceTree = "<group>"; };
		59284DE77EC50EED7CF9C4D4 /* Pods_ZeroWasteTests.framework */ = {isa = PBXFileReference; explicitFileType = wrapper.framework; includeInIndex = 0; path = Pods_ZeroWasteTests.framework; sourceTree = BUILT_PRODUCTS_DIR; };
		7026233FBFA6BAE00AA5D687 /* Pods-ZeroWasteTests.release.xcconfig */ = {isa = PBXFileReference; includeInIndex = 1; lastKnownFileType = text.xcconfig; name = "Pods-ZeroWasteTests.release.xcconfig"; path = "Target Support Files/Pods-ZeroWasteTests/Pods-ZeroWasteTests.release.xcconfig"; sourceTree = "<group>"; };
		7DFA54C7B1B1F103B5F44171 /* Pods-ZeroWasteTests.debug.xcconfig */ = {isa = PBXFileReference; includeInIndex = 1; lastKnownFileType = text.xcconfig; name = "Pods-ZeroWasteTests.debug.xcconfig"; path = "Target Support Files/Pods-ZeroWasteTests/Pods-ZeroWasteTests.debug.xcconfig"; sourceTree = "<group>"; };
		A3C8E0F189197455C3DDBF6D /* Pods-ZeroWaste-ZeroWasteUITests.debug.xcconfig */ = {isa = PBXFileReference; includeInIndex = 1; lastKnownFileType = text.xcconfig; name = "Pods-ZeroWaste-ZeroWasteUITests.debug.xcconfig"; path = "Target Support Files/Pods-ZeroWaste-ZeroWasteUITests/Pods-ZeroWaste-ZeroWasteUITests.debug.xcconfig"; sourceTree = "<group>"; };
		DED86F3AE05AB98858CEC968 /* Pods-ZeroWaste.debug.xcconfig */ = {isa = PBXFileReference; includeInIndex = 1; lastKnownFileType = text.xcconfig; name = "Pods-ZeroWaste.debug.xcconfig"; path = "Target Support Files/Pods-ZeroWaste/Pods-ZeroWaste.debug.xcconfig"; sourceTree = "<group>"; };
		E360E0AF364B82DDE1FA7DD9 /* Pods_ZeroWaste.framework */ = {isa = PBXFileReference; explicitFileType = wrapper.framework; includeInIndex = 0; path = Pods_ZeroWaste.framework; sourceTree = BUILT_PRODUCTS_DIR; };
		E74EA2B675E919167ACF2992 /* Pods_ZeroWaste_ZeroWasteUITests.framework */ = {isa = PBXFileReference; explicitFileType = wrapper.framework; includeInIndex = 0; path = Pods_ZeroWaste_ZeroWasteUITests.framework; sourceTree = BUILT_PRODUCTS_DIR; };
		EC120ECA6E5D1A30C082B4A6 /* Pods-ZeroWaste.release.xcconfig */ = {isa = PBXFileReference; includeInIndex = 1; lastKnownFileType = text.xcconfig; name = "Pods-ZeroWaste.release.xcconfig"; path = "Target Support Files/Pods-ZeroWaste/Pods-ZeroWaste.release.xcconfig"; sourceTree = "<group>"; };
/* End PBXFileReference section */

/* Begin PBXFrameworksBuildPhase section */
		22B4ACB2262C1E1500B87217 /* Frameworks */ = {
			isa = PBXFrameworksBuildPhase;
			buildActionMask = 2147483647;
			files = (
				1ACE8859C339AE8C37058D87 /* Pods_ZeroWaste.framework in Frameworks */,
			);
			runOnlyForDeploymentPostprocessing = 0;
		};
		22B4ACC3262C1E1600B87217 /* Frameworks */ = {
			isa = PBXFrameworksBuildPhase;
			buildActionMask = 2147483647;
			files = (
				7F3807F1C67BF261164B0D89 /* Pods_ZeroWasteTests.framework in Frameworks */,
			);
			runOnlyForDeploymentPostprocessing = 0;
		};
		22B4ACCE262C1E1700B87217 /* Frameworks */ = {
			isa = PBXFrameworksBuildPhase;
			buildActionMask = 2147483647;
			files = (
				712D11B7912D3F97C72EB834 /* Pods_ZeroWaste_ZeroWasteUITests.framework in Frameworks */,
			);
			runOnlyForDeploymentPostprocessing = 0;
		};
/* End PBXFrameworksBuildPhase section */

/* Begin PBXGroup section */
		229BD28326347DDB002CD21B /* View */ = {
			isa = PBXGroup;
			children = (
			);
			path = View;
			sourceTree = "<group>";
		};
		229BD2912634FB49002CD21B /* Component */ = {
			isa = PBXGroup;
			children = (
				229BD2922634FB57002CD21B /* MissionCell.swift */,
			);
			path = Component;
			sourceTree = "<group>";
		};
		229BD29F26353875002CD21B /* Map */ = {
			isa = PBXGroup;
			children = (
				229BD2A026353887002CD21B /* StoreMapView.swift */,
				229BD2A8263540CF002CD21B /* RegistStoreView.swift */,
			);
			path = Map;
			sourceTree = "<group>";
		};
		229BD2AD263542D3002CD21B /* ViewStyle */ = {
			isa = PBXGroup;
			children = (
				229BD2AE263542E0002CD21B /* CTAButtonStyle.swift */,
			);
			path = ViewStyle;
			sourceTree = "<group>";
		};
		22B4ACAC262C1E1500B87217 = {
			isa = PBXGroup;
			children = (
				22B4ACB7262C1E1500B87217 /* ZeroWaste */,
				22B4ACC9262C1E1600B87217 /* ZeroWasteTests */,
				22B4ACD4262C1E1700B87217 /* ZeroWasteUITests */,
				22B4ACB6262C1E1500B87217 /* Products */,
				5DD7358F362C8FB21FB1F124 /* Pods */,
				4470265B44AEE0AD167A4B65 /* Frameworks */,
			);
			indentWidth = 4;
			sourceTree = "<group>";
			tabWidth = 4;
		};
		22B4ACB6262C1E1500B87217 /* Products */ = {
			isa = PBXGroup;
			children = (
				22B4ACB5262C1E1500B87217 /* ZeroWaste.app */,
				22B4ACC6262C1E1600B87217 /* ZeroWasteTests.xctest */,
				22B4ACD1262C1E1700B87217 /* ZeroWasteUITests.xctest */,
			);
			name = Products;
			sourceTree = "<group>";
		};
		22B4ACB7262C1E1500B87217 /* ZeroWaste */ = {
			isa = PBXGroup;
			children = (
				40EFA1F52636D6780068BBB6 /* ZeroWaste.entitlements */,
				40FBA984263423E000906DC5 /* Source */,
				40FBA982263423AE00906DC5 /* Resource */,
				40FBA983263423C200906DC5 /* Supporting */,
				229BD28326347DDB002CD21B /* View */,
			);
			indentWidth = 4;
			path = ZeroWaste;
			sourceTree = "<group>";
			tabWidth = 4;
		};
		22B4ACC9262C1E1600B87217 /* ZeroWasteTests */ = {
			isa = PBXGroup;
			children = (
				22B4ACCA262C1E1600B87217 /* ZeroWasteTests.swift */,
				22B4ACCC262C1E1600B87217 /* Info.plist */,
			);
			path = ZeroWasteTests;
			sourceTree = "<group>";
		};
		22B4ACD4262C1E1700B87217 /* ZeroWasteUITests */ = {
			isa = PBXGroup;
			children = (
				22B4ACD5262C1E1700B87217 /* ZeroWasteUITests.swift */,
				22B4ACD7262C1E1700B87217 /* Info.plist */,
			);
			path = ZeroWasteUITests;
			sourceTree = "<group>";
		};
		22CBD6BA264BC547007D87A1 /* Mission */ = {
			isa = PBXGroup;
			children = (
				229BD28426347E59002CD21B /* ContentsTabView.swift */,
				229BD28C26347F94002CD21B /* MissionHomeView.swift */,
				229BD29A26351C72002CD21B /* MissionView.swift */,
				229BD2912634FB49002CD21B /* Component */,
			);
			path = Mission;
			sourceTree = "<group>";
		};
		40256BD2263424BE007DE62D /* Initial */ = {
			isa = PBXGroup;
			children = (
				40256BD526342507007DE62D /* InitialView.swift */,
			);
			path = Initial;
			sourceTree = "<group>";
		};
		40256BD3263424C6007DE62D /* Login */ = {
			isa = PBXGroup;
			children = (
				40256BE42634294A007DE62D /* LoginView.swift */,
				40EFA2022636D8310068BBB6 /* LoginViewModel.swift */,
			);
			path = Login;
			sourceTree = "<group>";
		};
		40256BD4263424E8007DE62D /* Onboard */ = {
			isa = PBXGroup;
			children = (
				40C7141E263E767A00AAB3E8 /* Subview */,
				40256BE926342953007DE62D /* ServiceIntroductionView.swift */,
				407EA4C42642452B00276EF6 /* ServiceIntroductionViewModel.swift */,
				40C71418263E65EF00AAB3E8 /* ResolutionView.swift */,
				407EA4C62642453E00276EF6 /* ResolutionViewModel.swift */,
				40C7141C263E765B00AAB3E8 /* MyCharacterView.swift */,
				407EA4C82642455000276EF6 /* MyCharacterViewModel.swift */,
			);
			path = Onboard;
			sourceTree = "<group>";
		};
		407EA4C12642409900276EF6 /* ServiceProvider */ = {
			isa = PBXGroup;
			children = (
				407EA4C2264240AA00276EF6 /* ServiceProvider.swift */,
			);
			path = ServiceProvider;
			sourceTree = "<group>";
		};
		40C7141E263E767A00AAB3E8 /* Subview */ = {
			isa = PBXGroup;
			children = (
				40C7141A263E676300AAB3E8 /* NextButtonView.swift */,
			);
			path = Subview;
			sourceTree = "<group>";
		};
		40FBA981263423A800906DC5 /* Application */ = {
			isa = PBXGroup;
			children = (
				22CBD6B5264BC525007D87A1 /* ZeroWasteApp.swift */,
			);
			path = Application;
			sourceTree = "<group>";
		};
		40FBA982263423AE00906DC5 /* Resource */ = {
			isa = PBXGroup;
			children = (
			);
			path = Resource;
			sourceTree = "<group>";
		};
		40FBA983263423C200906DC5 /* Supporting */ = {
			isa = PBXGroup;
			children = (
			);
			path = Supporting;
			sourceTree = "<group>";
		};
		40FBA984263423E000906DC5 /* Source */ = {
			isa = PBXGroup;
			children = (
				40FBA981263423A800906DC5 /* Application */,
				407EA4C12642409900276EF6 /* ServiceProvider */,
				40FBA985263423EF00906DC5 /* UI */,
			);
			path = Source;
			sourceTree = "<group>";
		};
		40FBA985263423EF00906DC5 /* UI */ = {
			isa = PBXGroup;
			children = (
				22CBD6BA264BC547007D87A1 /* Mission */,
				229BD2AD263542D3002CD21B /* ViewStyle */,
				229BD29F26353875002CD21B /* Map */,
				22CBD6A2264BC480007D87A1 /* ContentView.swift */,
				40256BD2263424BE007DE62D /* Initial */,
				40256BD3263424C6007DE62D /* Login */,
				40256BD4263424E8007DE62D /* Onboard */,
				40FBA97C26341A0500906DC5 /* InitialViewModel.swift */,
				40FBA9742634199400906DC5 /* ViewModelType.swift */,
			);
			path = UI;
			sourceTree = "<group>";
		};
		4470265B44AEE0AD167A4B65 /* Frameworks */ = {
			isa = PBXGroup;
			children = (
				E360E0AF364B82DDE1FA7DD9 /* Pods_ZeroWaste.framework */,
				E74EA2B675E919167ACF2992 /* Pods_ZeroWaste_ZeroWasteUITests.framework */,
				59284DE77EC50EED7CF9C4D4 /* Pods_ZeroWasteTests.framework */,
			);
			name = Frameworks;
			sourceTree = "<group>";
		};
		5DD7358F362C8FB21FB1F124 /* Pods */ = {
			isa = PBXGroup;
			children = (
				DED86F3AE05AB98858CEC968 /* Pods-ZeroWaste.debug.xcconfig */,
				EC120ECA6E5D1A30C082B4A6 /* Pods-ZeroWaste.release.xcconfig */,
				A3C8E0F189197455C3DDBF6D /* Pods-ZeroWaste-ZeroWasteUITests.debug.xcconfig */,
				3C034AD7BC4460DD09EAB5ED /* Pods-ZeroWaste-ZeroWasteUITests.release.xcconfig */,
				7DFA54C7B1B1F103B5F44171 /* Pods-ZeroWasteTests.debug.xcconfig */,
				7026233FBFA6BAE00AA5D687 /* Pods-ZeroWasteTests.release.xcconfig */,
			);
			path = Pods;
			sourceTree = "<group>";
		};
/* End PBXGroup section */

/* Begin PBXNativeTarget section */
		22B4ACB4262C1E1500B87217 /* ZeroWaste */ = {
			isa = PBXNativeTarget;
			buildConfigurationList = 22B4ACDA262C1E1700B87217 /* Build configuration list for PBXNativeTarget "ZeroWaste" */;
			buildPhases = (
				E832683C6176590BA9283265 /* [CP] Check Pods Manifest.lock */,
				22B4ACB1262C1E1500B87217 /* Sources */,
				22B4ACB2262C1E1500B87217 /* Frameworks */,
				22B4ACB3262C1E1500B87217 /* Resources */,
				E79D79A107233738971AE8BF /* [CP] Embed Pods Frameworks */,
			);
			buildRules = (
			);
			dependencies = (
			);
			name = ZeroWaste;
			packageProductDependencies = (
			);
			productName = ZeroWaste;
			productReference = 22B4ACB5262C1E1500B87217 /* ZeroWaste.app */;
			productType = "com.apple.product-type.application";
		};
		22B4ACC5262C1E1600B87217 /* ZeroWasteTests */ = {
			isa = PBXNativeTarget;
			buildConfigurationList = 22B4ACDD262C1E1700B87217 /* Build configuration list for PBXNativeTarget "ZeroWasteTests" */;
			buildPhases = (
				B65EB121196C98B3B2A6219C /* [CP] Check Pods Manifest.lock */,
				22B4ACC2262C1E1600B87217 /* Sources */,
				22B4ACC3262C1E1600B87217 /* Frameworks */,
				22B4ACC4262C1E1600B87217 /* Resources */,
			);
			buildRules = (
			);
			dependencies = (
				22B4ACC8262C1E1600B87217 /* PBXTargetDependency */,
			);
			name = ZeroWasteTests;
			productName = ZeroWasteTests;
			productReference = 22B4ACC6262C1E1600B87217 /* ZeroWasteTests.xctest */;
			productType = "com.apple.product-type.bundle.unit-test";
		};
		22B4ACD0262C1E1700B87217 /* ZeroWasteUITests */ = {
			isa = PBXNativeTarget;
			buildConfigurationList = 22B4ACE0262C1E1700B87217 /* Build configuration list for PBXNativeTarget "ZeroWasteUITests" */;
			buildPhases = (
				4E963D3C3286373FD5F8EA22 /* [CP] Check Pods Manifest.lock */,
				22B4ACCD262C1E1700B87217 /* Sources */,
				22B4ACCE262C1E1700B87217 /* Frameworks */,
				22B4ACCF262C1E1700B87217 /* Resources */,
				A041D844AA8858F792EEC717 /* [CP] Embed Pods Frameworks */,
			);
			buildRules = (
			);
			dependencies = (
				22B4ACD3262C1E1700B87217 /* PBXTargetDependency */,
			);
			name = ZeroWasteUITests;
			productName = ZeroWasteUITests;
			productReference = 22B4ACD1262C1E1700B87217 /* ZeroWasteUITests.xctest */;
			productType = "com.apple.product-type.bundle.ui-testing";
		};
/* End PBXNativeTarget section */

/* Begin PBXProject section */
		22B4ACAD262C1E1500B87217 /* Project object */ = {
			isa = PBXProject;
			attributes = {
				LastSwiftUpdateCheck = 1240;
				LastUpgradeCheck = 1240;
				TargetAttributes = {
					22B4ACB4262C1E1500B87217 = {
						CreatedOnToolsVersion = 12.4;
					};
					22B4ACC5262C1E1600B87217 = {
						CreatedOnToolsVersion = 12.4;
						TestTargetID = 22B4ACB4262C1E1500B87217;
					};
					22B4ACD0262C1E1700B87217 = {
						CreatedOnToolsVersion = 12.4;
						TestTargetID = 22B4ACB4262C1E1500B87217;
					};
				};
			};
			buildConfigurationList = 22B4ACB0262C1E1500B87217 /* Build configuration list for PBXProject "ZeroWaste" */;
			compatibilityVersion = "Xcode 9.3";
			developmentRegion = en;
			hasScannedForEncodings = 0;
			knownRegions = (
				en,
				Base,
			);
			mainGroup = 22B4ACAC262C1E1500B87217;
			packageReferences = (
			);
			productRefGroup = 22B4ACB6262C1E1500B87217 /* Products */;
			projectDirPath = "";
			projectRoot = "";
			targets = (
				22B4ACB4262C1E1500B87217 /* ZeroWaste */,
				22B4ACC5262C1E1600B87217 /* ZeroWasteTests */,
				22B4ACD0262C1E1700B87217 /* ZeroWasteUITests */,
			);
		};
/* End PBXProject section */

/* Begin PBXResourcesBuildPhase section */
		22B4ACB3262C1E1500B87217 /* Resources */ = {
			isa = PBXResourcesBuildPhase;
			buildActionMask = 2147483647;
			files = (
			);
			runOnlyForDeploymentPostprocessing = 0;
		};
		22B4ACC4262C1E1600B87217 /* Resources */ = {
			isa = PBXResourcesBuildPhase;
			buildActionMask = 2147483647;
			files = (
			);
			runOnlyForDeploymentPostprocessing = 0;
		};
		22B4ACCF262C1E1700B87217 /* Resources */ = {
			isa = PBXResourcesBuildPhase;
			buildActionMask = 2147483647;
			files = (
			);
			runOnlyForDeploymentPostprocessing = 0;
		};
/* End PBXResourcesBuildPhase section */

/* Begin PBXShellScriptBuildPhase section */
		4E963D3C3286373FD5F8EA22 /* [CP] Check Pods Manifest.lock */ = {
			isa = PBXShellScriptBuildPhase;
			buildActionMask = 2147483647;
			files = (
			);
			inputFileListPaths = (
			);
			inputPaths = (
				"${PODS_PODFILE_DIR_PATH}/Podfile.lock",
				"${PODS_ROOT}/Manifest.lock",
			);
			name = "[CP] Check Pods Manifest.lock";
			outputFileListPaths = (
			);
			outputPaths = (
				"$(DERIVED_FILE_DIR)/Pods-ZeroWaste-ZeroWasteUITests-checkManifestLockResult.txt",
			);
			runOnlyForDeploymentPostprocessing = 0;
			shellPath = /bin/sh;
			shellScript = "diff \"${PODS_PODFILE_DIR_PATH}/Podfile.lock\" \"${PODS_ROOT}/Manifest.lock\" > /dev/null\nif [ $? != 0 ] ; then\n    # print error to STDERR\n    echo \"error: The sandbox is not in sync with the Podfile.lock. Run 'pod install' or update your CocoaPods installation.\" >&2\n    exit 1\nfi\n# This output is used by Xcode 'outputs' to avoid re-running this script phase.\necho \"SUCCESS\" > \"${SCRIPT_OUTPUT_FILE_0}\"\n";
			showEnvVarsInLog = 0;
		};
		A041D844AA8858F792EEC717 /* [CP] Embed Pods Frameworks */ = {
			isa = PBXShellScriptBuildPhase;
			buildActionMask = 2147483647;
			files = (
			);
			inputFileListPaths = (
				"${PODS_ROOT}/Target Support Files/Pods-ZeroWaste-ZeroWasteUITests/Pods-ZeroWaste-ZeroWasteUITests-frameworks-${CONFIGURATION}-input-files.xcfilelist",
			);
			name = "[CP] Embed Pods Frameworks";
			outputFileListPaths = (
				"${PODS_ROOT}/Target Support Files/Pods-ZeroWaste-ZeroWasteUITests/Pods-ZeroWaste-ZeroWasteUITests-frameworks-${CONFIGURATION}-output-files.xcfilelist",
			);
			runOnlyForDeploymentPostprocessing = 0;
			shellPath = /bin/sh;
			shellScript = "\"${PODS_ROOT}/Target Support Files/Pods-ZeroWaste-ZeroWasteUITests/Pods-ZeroWaste-ZeroWasteUITests-frameworks.sh\"\n";
			showEnvVarsInLog = 0;
		};
		B65EB121196C98B3B2A6219C /* [CP] Check Pods Manifest.lock */ = {
			isa = PBXShellScriptBuildPhase;
			buildActionMask = 2147483647;
			files = (
			);
			inputFileListPaths = (
			);
			inputPaths = (
				"${PODS_PODFILE_DIR_PATH}/Podfile.lock",
				"${PODS_ROOT}/Manifest.lock",
			);
			name = "[CP] Check Pods Manifest.lock";
			outputFileListPaths = (
			);
			outputPaths = (
				"$(DERIVED_FILE_DIR)/Pods-ZeroWasteTests-checkManifestLockResult.txt",
			);
			runOnlyForDeploymentPostprocessing = 0;
			shellPath = /bin/sh;
			shellScript = "diff \"${PODS_PODFILE_DIR_PATH}/Podfile.lock\" \"${PODS_ROOT}/Manifest.lock\" > /dev/null\nif [ $? != 0 ] ; then\n    # print error to STDERR\n    echo \"error: The sandbox is not in sync with the Podfile.lock. Run 'pod install' or update your CocoaPods installation.\" >&2\n    exit 1\nfi\n# This output is used by Xcode 'outputs' to avoid re-running this script phase.\necho \"SUCCESS\" > \"${SCRIPT_OUTPUT_FILE_0}\"\n";
			showEnvVarsInLog = 0;
		};
		E79D79A107233738971AE8BF /* [CP] Embed Pods Frameworks */ = {
			isa = PBXShellScriptBuildPhase;
			buildActionMask = 2147483647;
			files = (
			);
			inputFileListPaths = (
				"${PODS_ROOT}/Target Support Files/Pods-ZeroWaste/Pods-ZeroWaste-frameworks-${CONFIGURATION}-input-files.xcfilelist",
			);
			name = "[CP] Embed Pods Frameworks";
			outputFileListPaths = (
				"${PODS_ROOT}/Target Support Files/Pods-ZeroWaste/Pods-ZeroWaste-frameworks-${CONFIGURATION}-output-files.xcfilelist",
			);
			runOnlyForDeploymentPostprocessing = 0;
			shellPath = /bin/sh;
			shellScript = "\"${PODS_ROOT}/Target Support Files/Pods-ZeroWaste/Pods-ZeroWaste-frameworks.sh\"\n";
			showEnvVarsInLog = 0;
		};
		E832683C6176590BA9283265 /* [CP] Check Pods Manifest.lock */ = {
			isa = PBXShellScriptBuildPhase;
			buildActionMask = 2147483647;
			files = (
			);
			inputFileListPaths = (
			);
			inputPaths = (
				"${PODS_PODFILE_DIR_PATH}/Podfile.lock",
				"${PODS_ROOT}/Manifest.lock",
			);
			name = "[CP] Check Pods Manifest.lock";
			outputFileListPaths = (
			);
			outputPaths = (
				"$(DERIVED_FILE_DIR)/Pods-ZeroWaste-checkManifestLockResult.txt",
			);
			runOnlyForDeploymentPostprocessing = 0;
			shellPath = /bin/sh;
			shellScript = "diff \"${PODS_PODFILE_DIR_PATH}/Podfile.lock\" \"${PODS_ROOT}/Manifest.lock\" > /dev/null\nif [ $? != 0 ] ; then\n    # print error to STDERR\n    echo \"error: The sandbox is not in sync with the Podfile.lock. Run 'pod install' or update your CocoaPods installation.\" >&2\n    exit 1\nfi\n# This output is used by Xcode 'outputs' to avoid re-running this script phase.\necho \"SUCCESS\" > \"${SCRIPT_OUTPUT_FILE_0}\"\n";
			showEnvVarsInLog = 0;
		};
/* End PBXShellScriptBuildPhase section */

/* Begin PBXSourcesBuildPhase section */
		22B4ACB1262C1E1500B87217 /* Sources */ = {
			isa = PBXSourcesBuildPhase;
			buildActionMask = 2147483647;
			files = (
				407EA4C3264240AA00276EF6 /* ServiceProvider.swift in Sources */,
				40256BEA26342953007DE62D /* ServiceIntroductionView.swift in Sources */,
				22CBD6B6264BC525007D87A1 /* ZeroWasteApp.swift in Sources */,
				22CBD6A3264BC480007D87A1 /* ContentView.swift in Sources */,
				407EA4C92642455000276EF6 /* MyCharacterViewModel.swift in Sources */,
				40256BE52634294A007DE62D /* LoginView.swift in Sources */,
				229BD2932634FB57002CD21B /* MissionCell.swift in Sources */,
				229BD28526347E59002CD21B /* ContentsTabView.swift in Sources */,
				229BD28D26347F94002CD21B /* MissionHomeView.swift in Sources */,
				40C71419263E65EF00AAB3E8 /* ResolutionView.swift in Sources */,
				407EA4C52642452B00276EF6 /* ServiceIntroductionViewModel.swift in Sources */,
				40EFA2032636D8310068BBB6 /* LoginViewModel.swift in Sources */,
				40C7141D263E765B00AAB3E8 /* MyCharacterView.swift in Sources */,
				40C7141B263E676300AAB3E8 /* NextButtonView.swift in Sources */,
				407EA4C72642453E00276EF6 /* ResolutionViewModel.swift in Sources */,
				40FBA9752634199400906DC5 /* ViewModelType.swift in Sources */,
				40256BD626342507007DE62D /* InitialView.swift in Sources */,
				40FBA97D26341A0500906DC5 /* InitialViewModel.swift in Sources */,
				229BD2AF263542E0002CD21B /* CTAButtonStyle.swift in Sources */,
				229BD2A126353887002CD21B /* StoreMapView.swift in Sources */,
				229BD2A9263540CF002CD21B /* RegistStoreView.swift in Sources */,
				229BD29B26351C72002CD21B /* MissionView.swift in Sources */,
			);
			runOnlyForDeploymentPostprocessing = 0;
		};
		22B4ACC2262C1E1600B87217 /* Sources */ = {
			isa = PBXSourcesBuildPhase;
			buildActionMask = 2147483647;
			files = (
				22B4ACCB262C1E1600B87217 /* ZeroWasteTests.swift in Sources */,
			);
			runOnlyForDeploymentPostprocessing = 0;
		};
		22B4ACCD262C1E1700B87217 /* Sources */ = {
			isa = PBXSourcesBuildPhase;
			buildActionMask = 2147483647;
			files = (
				22B4ACD6262C1E1700B87217 /* ZeroWasteUITests.swift in Sources */,
			);
			runOnlyForDeploymentPostprocessing = 0;
		};
/* End PBXSourcesBuildPhase section */

/* Begin PBXTargetDependency section */
		22B4ACC8262C1E1600B87217 /* PBXTargetDependency */ = {
			isa = PBXTargetDependency;
			target = 22B4ACB4262C1E1500B87217 /* ZeroWaste */;
			targetProxy = 22B4ACC7262C1E1600B87217 /* PBXContainerItemProxy */;
		};
		22B4ACD3262C1E1700B87217 /* PBXTargetDependency */ = {
			isa = PBXTargetDependency;
			target = 22B4ACB4262C1E1500B87217 /* ZeroWaste */;
			targetProxy = 22B4ACD2262C1E1700B87217 /* PBXContainerItemProxy */;
		};
/* End PBXTargetDependency section */

/* Begin XCBuildConfiguration section */
		22B4ACD8262C1E1700B87217 /* Debug */ = {
			isa = XCBuildConfiguration;
			buildSettings = {
				ALWAYS_SEARCH_USER_PATHS = NO;
				CLANG_ANALYZER_NONNULL = YES;
				CLANG_ANALYZER_NUMBER_OBJECT_CONVERSION = YES_AGGRESSIVE;
				CLANG_CXX_LANGUAGE_STANDARD = "gnu++14";
				CLANG_CXX_LIBRARY = "libc++";
				CLANG_ENABLE_MODULES = YES;
				CLANG_ENABLE_OBJC_ARC = YES;
				CLANG_ENABLE_OBJC_WEAK = YES;
				CLANG_WARN_BLOCK_CAPTURE_AUTORELEASING = YES;
				CLANG_WARN_BOOL_CONVERSION = YES;
				CLANG_WARN_COMMA = YES;
				CLANG_WARN_CONSTANT_CONVERSION = YES;
				CLANG_WARN_DEPRECATED_OBJC_IMPLEMENTATIONS = YES;
				CLANG_WARN_DIRECT_OBJC_ISA_USAGE = YES_ERROR;
				CLANG_WARN_DOCUMENTATION_COMMENTS = YES;
				CLANG_WARN_EMPTY_BODY = YES;
				CLANG_WARN_ENUM_CONVERSION = YES;
				CLANG_WARN_INFINITE_RECURSION = YES;
				CLANG_WARN_INT_CONVERSION = YES;
				CLANG_WARN_NON_LITERAL_NULL_CONVERSION = YES;
				CLANG_WARN_OBJC_IMPLICIT_RETAIN_SELF = YES;
				CLANG_WARN_OBJC_LITERAL_CONVERSION = YES;
				CLANG_WARN_OBJC_ROOT_CLASS = YES_ERROR;
				CLANG_WARN_QUOTED_INCLUDE_IN_FRAMEWORK_HEADER = YES;
				CLANG_WARN_RANGE_LOOP_ANALYSIS = YES;
				CLANG_WARN_STRICT_PROTOTYPES = YES;
				CLANG_WARN_SUSPICIOUS_MOVE = YES;
				CLANG_WARN_UNGUARDED_AVAILABILITY = YES_AGGRESSIVE;
				CLANG_WARN_UNREACHABLE_CODE = YES;
				CLANG_WARN__DUPLICATE_METHOD_MATCH = YES;
				COPY_PHASE_STRIP = NO;
				DEBUG_INFORMATION_FORMAT = dwarf;
				ENABLE_STRICT_OBJC_MSGSEND = YES;
				ENABLE_TESTABILITY = YES;
				GCC_C_LANGUAGE_STANDARD = gnu11;
				GCC_DYNAMIC_NO_PIC = NO;
				GCC_NO_COMMON_BLOCKS = YES;
				GCC_OPTIMIZATION_LEVEL = 0;
				GCC_PREPROCESSOR_DEFINITIONS = (
					"DEBUG=1",
					"$(inherited)",
				);
				GCC_WARN_64_TO_32_BIT_CONVERSION = YES;
				GCC_WARN_ABOUT_RETURN_TYPE = YES_ERROR;
				GCC_WARN_UNDECLARED_SELECTOR = YES;
				GCC_WARN_UNINITIALIZED_AUTOS = YES_AGGRESSIVE;
				GCC_WARN_UNUSED_FUNCTION = YES;
				GCC_WARN_UNUSED_VARIABLE = YES;
				IPHONEOS_DEPLOYMENT_TARGET = 14.4;
				MTL_ENABLE_DEBUG_INFO = INCLUDE_SOURCE;
				MTL_FAST_MATH = YES;
				ONLY_ACTIVE_ARCH = YES;
				SDKROOT = iphoneos;
				SWIFT_ACTIVE_COMPILATION_CONDITIONS = DEBUG;
				SWIFT_OPTIMIZATION_LEVEL = "-Onone";
			};
			name = Debug;
		};
		22B4ACD9262C1E1700B87217 /* Release */ = {
			isa = XCBuildConfiguration;
			buildSettings = {
				ALWAYS_SEARCH_USER_PATHS = NO;
				CLANG_ANALYZER_NONNULL = YES;
				CLANG_ANALYZER_NUMBER_OBJECT_CONVERSION = YES_AGGRESSIVE;
				CLANG_CXX_LANGUAGE_STANDARD = "gnu++14";
				CLANG_CXX_LIBRARY = "libc++";
				CLANG_ENABLE_MODULES = YES;
				CLANG_ENABLE_OBJC_ARC = YES;
				CLANG_ENABLE_OBJC_WEAK = YES;
				CLANG_WARN_BLOCK_CAPTURE_AUTORELEASING = YES;
				CLANG_WARN_BOOL_CONVERSION = YES;
				CLANG_WARN_COMMA = YES;
				CLANG_WARN_CONSTANT_CONVERSION = YES;
				CLANG_WARN_DEPRECATED_OBJC_IMPLEMENTATIONS = YES;
				CLANG_WARN_DIRECT_OBJC_ISA_USAGE = YES_ERROR;
				CLANG_WARN_DOCUMENTATION_COMMENTS = YES;
				CLANG_WARN_EMPTY_BODY = YES;
				CLANG_WARN_ENUM_CONVERSION = YES;
				CLANG_WARN_INFINITE_RECURSION = YES;
				CLANG_WARN_INT_CONVERSION = YES;
				CLANG_WARN_NON_LITERAL_NULL_CONVERSION = YES;
				CLANG_WARN_OBJC_IMPLICIT_RETAIN_SELF = YES;
				CLANG_WARN_OBJC_LITERAL_CONVERSION = YES;
				CLANG_WARN_OBJC_ROOT_CLASS = YES_ERROR;
				CLANG_WARN_QUOTED_INCLUDE_IN_FRAMEWORK_HEADER = YES;
				CLANG_WARN_RANGE_LOOP_ANALYSIS = YES;
				CLANG_WARN_STRICT_PROTOTYPES = YES;
				CLANG_WARN_SUSPICIOUS_MOVE = YES;
				CLANG_WARN_UNGUARDED_AVAILABILITY = YES_AGGRESSIVE;
				CLANG_WARN_UNREACHABLE_CODE = YES;
				CLANG_WARN__DUPLICATE_METHOD_MATCH = YES;
				COPY_PHASE_STRIP = NO;
				DEBUG_INFORMATION_FORMAT = "dwarf-with-dsym";
				ENABLE_NS_ASSERTIONS = NO;
				ENABLE_STRICT_OBJC_MSGSEND = YES;
				GCC_C_LANGUAGE_STANDARD = gnu11;
				GCC_NO_COMMON_BLOCKS = YES;
				GCC_WARN_64_TO_32_BIT_CONVERSION = YES;
				GCC_WARN_ABOUT_RETURN_TYPE = YES_ERROR;
				GCC_WARN_UNDECLARED_SELECTOR = YES;
				GCC_WARN_UNINITIALIZED_AUTOS = YES_AGGRESSIVE;
				GCC_WARN_UNUSED_FUNCTION = YES;
				GCC_WARN_UNUSED_VARIABLE = YES;
				IPHONEOS_DEPLOYMENT_TARGET = 14.4;
				MTL_ENABLE_DEBUG_INFO = NO;
				MTL_FAST_MATH = YES;
				SDKROOT = iphoneos;
				SWIFT_COMPILATION_MODE = wholemodule;
				SWIFT_OPTIMIZATION_LEVEL = "-O";
				VALIDATE_PRODUCT = YES;
			};
			name = Release;
		};
		22B4ACDB262C1E1700B87217 /* Debug */ = {
			isa = XCBuildConfiguration;
			baseConfigurationReference = DED86F3AE05AB98858CEC968 /* Pods-ZeroWaste.debug.xcconfig */;
			buildSettings = {
				ASSETCATALOG_COMPILER_APPICON_NAME = AppIcon;
				ASSETCATALOG_COMPILER_GLOBAL_ACCENT_COLOR_NAME = AccentColor;
				CODE_SIGN_ENTITLEMENTS = ZeroWaste/ZeroWaste.entitlements;
				CODE_SIGN_STYLE = Automatic;
				DEVELOPMENT_ASSET_PATHS = "\"ZeroWaste/Supporting/Preview Content\"";
				DEVELOPMENT_TEAM = 85329TR25G;
				ENABLE_PREVIEWS = YES;
				INFOPLIST_FILE = ZeroWaste/Supporting/Info.plist;
				IPHONEOS_DEPLOYMENT_TARGET = 14.0;
				LD_RUNPATH_SEARCH_PATHS = (
					"$(inherited)",
					"@executable_path/Frameworks",
				);
				PRODUCT_BUNDLE_IDENTIFIER = com.krgoodnews.ZeroWaste;
				PRODUCT_NAME = "$(TARGET_NAME)";
				SWIFT_VERSION = 5.0;
				TARGETED_DEVICE_FAMILY = "1,2";
			};
			name = Debug;
		};
		22B4ACDC262C1E1700B87217 /* Release */ = {
			isa = XCBuildConfiguration;
			baseConfigurationReference = EC120ECA6E5D1A30C082B4A6 /* Pods-ZeroWaste.release.xcconfig */;
			buildSettings = {
				ASSETCATALOG_COMPILER_APPICON_NAME = AppIcon;
				ASSETCATALOG_COMPILER_GLOBAL_ACCENT_COLOR_NAME = AccentColor;
				CODE_SIGN_ENTITLEMENTS = ZeroWaste/ZeroWaste.entitlements;
				CODE_SIGN_STYLE = Automatic;
				DEVELOPMENT_ASSET_PATHS = "\"ZeroWaste/Supporting/Preview Content\"";
				DEVELOPMENT_TEAM = 85329TR25G;
				ENABLE_PREVIEWS = YES;
				INFOPLIST_FILE = ZeroWaste/Supporting/Info.plist;
				IPHONEOS_DEPLOYMENT_TARGET = 14.0;
				LD_RUNPATH_SEARCH_PATHS = (
					"$(inherited)",
					"@executable_path/Frameworks",
				);
				PRODUCT_BUNDLE_IDENTIFIER = com.krgoodnews.ZeroWaste;
				PRODUCT_NAME = "$(TARGET_NAME)";
				SWIFT_VERSION = 5.0;
				TARGETED_DEVICE_FAMILY = "1,2";
			};
			name = Release;
		};
		22B4ACDE262C1E1700B87217 /* Debug */ = {
			isa = XCBuildConfiguration;
			baseConfigurationReference = 7DFA54C7B1B1F103B5F44171 /* Pods-ZeroWasteTests.debug.xcconfig */;
			buildSettings = {
				ALWAYS_EMBED_SWIFT_STANDARD_LIBRARIES = YES;
				BUNDLE_LOADER = "$(TEST_HOST)";
				CODE_SIGN_STYLE = Automatic;
				DEVELOPMENT_TEAM = 97K6NR4M6U;
				INFOPLIST_FILE = ZeroWasteTests/Info.plist;
				IPHONEOS_DEPLOYMENT_TARGET = 14.0;
				LD_RUNPATH_SEARCH_PATHS = (
					"$(inherited)",
					"@executable_path/Frameworks",
					"@loader_path/Frameworks",
				);
				PRODUCT_BUNDLE_IDENTIFIER = com.krgoodnews.ZeroWasteTests;
				PRODUCT_NAME = "$(TARGET_NAME)";
				SWIFT_VERSION = 5.0;
				TARGETED_DEVICE_FAMILY = "1,2";
				TEST_HOST = "$(BUILT_PRODUCTS_DIR)/ZeroWaste.app/ZeroWaste";
			};
			name = Debug;
		};
		22B4ACDF262C1E1700B87217 /* Release */ = {
			isa = XCBuildConfiguration;
			baseConfigurationReference = 7026233FBFA6BAE00AA5D687 /* Pods-ZeroWasteTests.release.xcconfig */;
			buildSettings = {
				ALWAYS_EMBED_SWIFT_STANDARD_LIBRARIES = YES;
				BUNDLE_LOADER = "$(TEST_HOST)";
				CODE_SIGN_STYLE = Automatic;
				DEVELOPMENT_TEAM = 97K6NR4M6U;
				INFOPLIST_FILE = ZeroWasteTests/Info.plist;
				IPHONEOS_DEPLOYMENT_TARGET = 14.0;
				LD_RUNPATH_SEARCH_PATHS = (
					"$(inherited)",
					"@executable_path/Frameworks",
					"@loader_path/Frameworks",
				);
				PRODUCT_BUNDLE_IDENTIFIER = com.krgoodnews.ZeroWasteTests;
				PRODUCT_NAME = "$(TARGET_NAME)";
				SWIFT_VERSION = 5.0;
				TARGETED_DEVICE_FAMILY = "1,2";
				TEST_HOST = "$(BUILT_PRODUCTS_DIR)/ZeroWaste.app/ZeroWaste";
			};
			name = Release;
		};
		22B4ACE1262C1E1700B87217 /* Debug */ = {
			isa = XCBuildConfiguration;
			baseConfigurationReference = A3C8E0F189197455C3DDBF6D /* Pods-ZeroWaste-ZeroWasteUITests.debug.xcconfig */;
			buildSettings = {
				ALWAYS_EMBED_SWIFT_STANDARD_LIBRARIES = YES;
				CODE_SIGN_STYLE = Automatic;
				DEVELOPMENT_TEAM = 97K6NR4M6U;
				INFOPLIST_FILE = ZeroWasteUITests/Info.plist;
				LD_RUNPATH_SEARCH_PATHS = (
					"$(inherited)",
					"@executable_path/Frameworks",
					"@loader_path/Frameworks",
				);
				PRODUCT_BUNDLE_IDENTIFIER = com.krgoodnews.ZeroWasteUITests;
				PRODUCT_NAME = "$(TARGET_NAME)";
				SWIFT_VERSION = 5.0;
				TARGETED_DEVICE_FAMILY = "1,2";
				TEST_TARGET_NAME = ZeroWaste;
			};
			name = Debug;
		};
		22B4ACE2262C1E1700B87217 /* Release */ = {
			isa = XCBuildConfiguration;
			baseConfigurationReference = 3C034AD7BC4460DD09EAB5ED /* Pods-ZeroWaste-ZeroWasteUITests.release.xcconfig */;
			buildSettings = {
				ALWAYS_EMBED_SWIFT_STANDARD_LIBRARIES = YES;
				CODE_SIGN_STYLE = Automatic;
				DEVELOPMENT_TEAM = 97K6NR4M6U;
				INFOPLIST_FILE = ZeroWasteUITests/Info.plist;
				LD_RUNPATH_SEARCH_PATHS = (
					"$(inherited)",
					"@executable_path/Frameworks",
					"@loader_path/Frameworks",
				);
				PRODUCT_BUNDLE_IDENTIFIER = com.krgoodnews.ZeroWasteUITests;
				PRODUCT_NAME = "$(TARGET_NAME)";
				SWIFT_VERSION = 5.0;
				TARGETED_DEVICE_FAMILY = "1,2";
				TEST_TARGET_NAME = ZeroWaste;
			};
			name = Release;
		};
/* End XCBuildConfiguration section */

/* Begin XCConfigurationList section */
		22B4ACB0262C1E1500B87217 /* Build configuration list for PBXProject "ZeroWaste" */ = {
			isa = XCConfigurationList;
			buildConfigurations = (
				22B4ACD8262C1E1700B87217 /* Debug */,
				22B4ACD9262C1E1700B87217 /* Release */,
			);
			defaultConfigurationIsVisible = 0;
			defaultConfigurationName = Release;
		};
		22B4ACDA262C1E1700B87217 /* Build configuration list for PBXNativeTarget "ZeroWaste" */ = {
			isa = XCConfigurationList;
			buildConfigurations = (
				22B4ACDB262C1E1700B87217 /* Debug */,
				22B4ACDC262C1E1700B87217 /* Release */,
			);
			defaultConfigurationIsVisible = 0;
			defaultConfigurationName = Release;
		};
		22B4ACDD262C1E1700B87217 /* Build configuration list for PBXNativeTarget "ZeroWasteTests" */ = {
			isa = XCConfigurationList;
			buildConfigurations = (
				22B4ACDE262C1E1700B87217 /* Debug */,
				22B4ACDF262C1E1700B87217 /* Release */,
			);
			defaultConfigurationIsVisible = 0;
			defaultConfigurationName = Release;
		};
		22B4ACE0262C1E1700B87217 /* Build configuration list for PBXNativeTarget "ZeroWasteUITests" */ = {
			isa = XCConfigurationList;
			buildConfigurations = (
				22B4ACE1262C1E1700B87217 /* Debug */,
				22B4ACE2262C1E1700B87217 /* Release */,
			);
			defaultConfigurationIsVisible = 0;
			defaultConfigurationName = Release;
		};
/* End XCConfigurationList section */
	};
	rootObject = 22B4ACAD262C1E1500B87217 /* Project object */;
}
