// !$*UTF8*$!
{
	archiveVersion = 1;
	classes = {
	};
	objectVersion = 51;
	objects = {

/* Begin PBXBuildFile section */
		1ACE8859C339AE8C37058D87 /* Pods_ZeroWaste.framework in Frameworks */ = {isa = PBXBuildFile; fileRef = E360E0AF364B82DDE1FA7DD9 /* Pods_ZeroWaste.framework */; };
		22B4ACB9262C1E1600B87217 /* ZeroWasteApp.swift in Sources */ = {isa = PBXBuildFile; fileRef = 22B4ACB8262C1E1500B87217 /* ZeroWasteApp.swift */; };
		22B4ACBB262C1E1600B87217 /* ContentView.swift in Sources */ = {isa = PBXBuildFile; fileRef = 22B4ACBA262C1E1600B87217 /* ContentView.swift */; };
		22B4ACBD262C1E1600B87217 /* Assets.xcassets in Resources */ = {isa = PBXBuildFile; fileRef = 22B4ACBC262C1E1600B87217 /* Assets.xcassets */; };
		22B4ACC0262C1E1600B87217 /* Preview Assets.xcassets in Resources */ = {isa = PBXBuildFile; fileRef = 22B4ACBF262C1E1600B87217 /* Preview Assets.xcassets */; };
		22B4ACCB262C1E1600B87217 /* ZeroWasteTests.swift in Sources */ = {isa = PBXBuildFile; fileRef = 22B4ACCA262C1E1600B87217 /* ZeroWasteTests.swift */; };
		22B4ACD6262C1E1700B87217 /* ZeroWasteUITests.swift in Sources */ = {isa = PBXBuildFile; fileRef = 22B4ACD5262C1E1700B87217 /* ZeroWasteUITests.swift */; };
		712D11B7912D3F97C72EB834 /* Pods_ZeroWaste_ZeroWasteUITests.framework in Frameworks */ = {isa = PBXBuildFile; fileRef = E74EA2B675E919167ACF2992 /* Pods_ZeroWaste_ZeroWasteUITests.framework */; };
		7F3807F1C67BF261164B0D89 /* Pods_ZeroWasteTests.framework in Frameworks */ = {isa = PBXBuildFile; fileRef = 59284DE77EC50EED7CF9C4D4 /* Pods_ZeroWasteTests.framework */; };
/* End PBXBuildFile section */

/* Begin PBXContainerItemProxy section */
		22B4ACC7262C1E1600B87217 /* PBXContainerItemProxy */ = {
			isa = PBXContainerItemProxy;
			containerPortal = 22B4ACAD262C1E1500B87217 /* Project object */;
			proxyType = 1;
			remoteGlobalIDString = 22B4ACB4262C1E1500B87217;
			remoteInfo = ZeroWaste;
		};
		22B4ACD2262C1E1700B87217 /* PBXContainerItemProxy */ = {
			isa = PBXContainerItemProxy;
			containerPortal = 22B4ACAD262C1E1500B87217 /* Project object */;
			proxyType = 1;
			remoteGlobalIDString = 22B4ACB4262C1E1500B87217;
			remoteInfo = ZeroWaste;
		};
/* End PBXContainerItemProxy section */

/* Begin PBXFileReference section */
		22B4ACB5262C1E1500B87217 /* ZeroWaste.app */ = {isa = PBXFileReference; explicitFileType = wrapper.application; includeInIndex = 0; path = ZeroWaste.app; sourceTree = BUILT_PRODUCTS_DIR; };
		22B4ACB8262C1E1500B87217 /* ZeroWasteApp.swift */ = {isa = PBXFileReference; indentWidth = 4; lastKnownFileType = sourcecode.swift; path = ZeroWasteApp.swift; sourceTree = "<group>"; tabWidth = 4; };
		22B4ACBA262C1E1600B87217 /* ContentView.swift */ = {isa = PBXFileReference; lastKnownFileType = sourcecode.swift; path = ContentView.swift; sourceTree = "<group>"; };
		22B4ACBC262C1E1600B87217 /* Assets.xcassets */ = {isa = PBXFileReference; lastKnownFileType = folder.assetcatalog; path = Assets.xcassets; sourceTree = "<group>"; };
		22B4ACBF262C1E1600B87217 /* Preview Assets.xcassets */ = {isa = PBXFileReference; lastKnownFileType = folder.assetcatalog; path = "Preview Assets.xcassets"; sourceTree = "<group>"; };
		22B4ACC1262C1E1600B87217 /* Info.plist */ = {isa = PBXFileReference; lastKnownFileType = text.plist.xml; path = Info.plist; sourceTree = "<group>"; };
		22B4ACC6262C1E1600B87217 /* ZeroWasteTests.xctest */ = {isa = PBXFileReference; explicitFileType = wrapper.cfbundle; includeInIndex = 0; path = ZeroWasteTests.xctest; sourceTree = BUILT_PRODUCTS_DIR; };
		22B4ACCA262C1E1600B87217 /* ZeroWasteTests.swift */ = {isa = PBXFileReference; lastKnownFileType = sourcecode.swift; path = ZeroWasteTests.swift; sourceTree = "<group>"; };
		22B4ACCC262C1E1600B87217 /* Info.plist */ = {isa = PBXFileReference; lastKnownFileType = text.plist.xml; path = Info.plist; sourceTree = "<group>"; };
		22B4ACD1262C1E1700B87217 /* ZeroWasteUITests.xctest */ = {isa = PBXFileReference; explicitFileType = wrapper.cfbundle; includeInIndex = 0; path = ZeroWasteUITests.xctest; sourceTree = BUILT_PRODUCTS_DIR; };
		22B4ACD5262C1E1700B87217 /* ZeroWasteUITests.swift */ = {isa = PBXFileReference; lastKnownFileType = sourcecode.swift; path = ZeroWasteUITests.swift; sourceTree = "<group>"; };
		22B4ACD7262C1E1700B87217 /* Info.plist */ = {isa = PBXFileReference; lastKnownFileType = text.plist.xml; path = Info.plist; sourceTree = "<group>"; };
		3C034AD7BC4460DD09EAB5ED /* Pods-ZeroWaste-ZeroWasteUITests.release.xcconfig */ = {isa = PBXFileReference; includeInIndex = 1; lastKnownFileType = text.xcconfig; name = "Pods-ZeroWaste-ZeroWasteUITests.release.xcconfig"; path = "Target Support Files/Pods-ZeroWaste-ZeroWasteUITests/Pods-ZeroWaste-ZeroWasteUITests.release.xcconfig"; sourceTree = "<group>"; };
		59284DE77EC50EED7CF9C4D4 /* Pods_ZeroWasteTests.framework */ = {isa = PBXFileReference; explicitFileType = wrapper.framework; includeInIndex = 0; path = Pods_ZeroWasteTests.framework; sourceTree = BUILT_PRODUCTS_DIR; };
		7026233FBFA6BAE00AA5D687 /* Pods-ZeroWasteTests.release.xcconfig */ = {isa = PBXFileReference; includeInIndex = 1; lastKnownFileType = text.xcconfig; name = "Pods-ZeroWasteTests.release.xcconfig"; path = "Target Support Files/Pods-ZeroWasteTests/Pods-ZeroWasteTests.release.xcconfig"; sourceTree = "<group>"; };
		7DFA54C7B1B1F103B5F44171 /* Pods-ZeroWasteTests.debug.xcconfig */ = {isa = PBXFileReference; includeInIndex = 1; lastKnownFileType = text.xcconfig; name = "Pods-ZeroWasteTests.debug.xcconfig"; path = "Target Support Files/Pods-ZeroWasteTests/Pods-ZeroWasteTests.debug.xcconfig"; sourceTree = "<group>"; };
		A3C8E0F189197455C3DDBF6D /* Pods-ZeroWaste-ZeroWasteUITests.debug.xcconfig */ = {isa = PBXFileReference; includeInIndex = 1; lastKnownFileType = text.xcconfig; name = "Pods-ZeroWaste-ZeroWasteUITests.debug.xcconfig"; path = "Target Support Files/Pods-ZeroWaste-ZeroWasteUITests/Pods-ZeroWaste-ZeroWasteUITests.debug.xcconfig"; sourceTree = "<group>"; };
		DED86F3AE05AB98858CEC968 /* Pods-ZeroWaste.debug.xcconfig */ = {isa = PBXFileReference; includeInIndex = 1; lastKnownFileType = text.xcconfig; name = "Pods-ZeroWaste.debug.xcconfig"; path = "Target Support Files/Pods-ZeroWaste/Pods-ZeroWaste.debug.xcconfig"; sourceTree = "<group>"; };
		E360E0AF364B82DDE1FA7DD9 /* Pods_ZeroWaste.framework */ = {isa = PBXFileReference; explicitFileType = wrapper.framework; includeInIndex = 0; path = Pods_ZeroWaste.framework; sourceTree = BUILT_PRODUCTS_DIR; };
		E74EA2B675E919167ACF2992 /* Pods_ZeroWaste_ZeroWasteUITests.framework */ = {isa = PBXFileReference; explicitFileType = wrapper.framework; includeInIndex = 0; path = Pods_ZeroWaste_ZeroWasteUITests.framework; sourceTree = BUILT_PRODUCTS_DIR; };
		EC120ECA6E5D1A30C082B4A6 /* Pods-ZeroWaste.release.xcconfig */ = {isa = PBXFileReference; includeInIndex = 1; lastKnownFileType = text.xcconfig; name = "Pods-ZeroWaste.release.xcconfig"; path = "Target Support Files/Pods-ZeroWaste/Pods-ZeroWaste.release.xcconfig"; sourceTree = "<group>"; };
/* End PBXFileReference section */

/* Begin PBXFrameworksBuildPhase section */
		22B4ACB2262C1E1500B87217 /* Frameworks */ = {
			isa = PBXFrameworksBuildPhase;
			buildActionMask = 2147483647;
			files = (
				1ACE8859C339AE8C37058D87 /* Pods_ZeroWaste.framework in Frameworks */,
			);
			runOnlyForDeploymentPostprocessing = 0;
		};
		22B4ACC3262C1E1600B87217 /* Frameworks */ = {
			isa = PBXFrameworksBuildPhase;
			buildActionMask = 2147483647;
			files = (
				7F3807F1C67BF261164B0D89 /* Pods_ZeroWasteTests.framework in Frameworks */,
			);
			runOnlyForDeploymentPostprocessing = 0;
		};
		22B4ACCE262C1E1700B87217 /* Frameworks */ = {
			isa = PBXFrameworksBuildPhase;
			buildActionMask = 2147483647;
			files = (
				712D11B7912D3F97C72EB834 /* Pods_ZeroWaste_ZeroWasteUITests.framework in Frameworks */,
			);
			runOnlyForDeploymentPostprocessing = 0;
		};
/* End PBXFrameworksBuildPhase section */

/* Begin PBXGroup section */
		22B4ACAC262C1E1500B87217 = {
			isa = PBXGroup;
			children = (
				22B4ACB7262C1E1500B87217 /* ZeroWaste */,
				22B4ACC9262C1E1600B87217 /* ZeroWasteTests */,
				22B4ACD4262C1E1700B87217 /* ZeroWasteUITests */,
				22B4ACB6262C1E1500B87217 /* Products */,
				5DD7358F362C8FB21FB1F124 /* Pods */,
				4470265B44AEE0AD167A4B65 /* Frameworks */,
			);
			indentWidth = 4;
			sourceTree = "<group>";
			tabWidth = 4;
		};
		22B4ACB6262C1E1500B87217 /* Products */ = {
			isa = PBXGroup;
			children = (
				22B4ACB5262C1E1500B87217 /* ZeroWaste.app */,
				22B4ACC6262C1E1600B87217 /* ZeroWasteTests.xctest */,
				22B4ACD1262C1E1700B87217 /* ZeroWasteUITests.xctest */,
			);
			name = Products;
			sourceTree = "<group>";
		};
		22B4ACB7262C1E1500B87217 /* ZeroWaste */ = {
			isa = PBXGroup;
			children = (
				22B4ACB8262C1E1500B87217 /* ZeroWasteApp.swift */,
				22B4ACBA262C1E1600B87217 /* ContentView.swift */,
				22B4ACBC262C1E1600B87217 /* Assets.xcassets */,
				22B4ACC1262C1E1600B87217 /* Info.plist */,
				22B4ACBE262C1E1600B87217 /* Preview Content */,
			);
			indentWidth = 4;
			path = ZeroWaste;
			sourceTree = "<group>";
			tabWidth = 4;
		};
		22B4ACBE262C1E1600B87217 /* Preview Content */ = {
			isa = PBXGroup;
			children = (
				22B4ACBF262C1E1600B87217 /* Preview Assets.xcassets */,
			);
			path = "Preview Content";
			sourceTree = "<group>";
		};
		22B4ACC9262C1E1600B87217 /* ZeroWasteTests */ = {
			isa = PBXGroup;
			children = (
				22B4ACCA262C1E1600B87217 /* ZeroWasteTests.swift */,
				22B4ACCC262C1E1600B87217 /* Info.plist */,
			);
			path = ZeroWasteTests;
			sourceTree = "<group>";
		};
		22B4ACD4262C1E1700B87217 /* ZeroWasteUITests */ = {
			isa = PBXGroup;
			children = (
				22B4ACD5262C1E1700B87217 /* ZeroWasteUITests.swift */,
				22B4ACD7262C1E1700B87217 /* Info.plist */,
			);
			path = ZeroWasteUITests;
			sourceTree = "<group>";
		};
		4470265B44AEE0AD167A4B65 /* Frameworks */ = {
			isa = PBXGroup;
			children = (
				E360E0AF364B82DDE1FA7DD9 /* Pods_ZeroWaste.framework */,
				E74EA2B675E919167ACF2992 /* Pods_ZeroWaste_ZeroWasteUITests.framework */,
				59284DE77EC50EED7CF9C4D4 /* Pods_ZeroWasteTests.framework */,
			);
			name = Frameworks;
			sourceTree = "<group>";
		};
		5DD7358F362C8FB21FB1F124 /* Pods */ = {
			isa = PBXGroup;
			children = (
				DED86F3AE05AB98858CEC968 /* Pods-ZeroWaste.debug.xcconfig */,
				EC120ECA6E5D1A30C082B4A6 /* Pods-ZeroWaste.release.xcconfig */,
				A3C8E0F189197455C3DDBF6D /* Pods-ZeroWaste-ZeroWasteUITests.debug.xcconfig */,
				3C034AD7BC4460DD09EAB5ED /* Pods-ZeroWaste-ZeroWasteUITests.release.xcconfig */,
				7DFA54C7B1B1F103B5F44171 /* Pods-ZeroWasteTests.debug.xcconfig */,
				7026233FBFA6BAE00AA5D687 /* Pods-ZeroWasteTests.release.xcconfig */,
			);
			path = Pods;
			sourceTree = "<group>";
		};
/* End PBXGroup section */

/* Begin PBXNativeTarget section */
		22B4ACB4262C1E1500B87217 /* ZeroWaste */ = {
			isa = PBXNativeTarget;
			buildConfigurationList = 22B4ACDA262C1E1700B87217 /* Build configuration list for PBXNativeTarget "ZeroWaste" */;
			buildPhases = (
				E832683C6176590BA9283265 /* [CP] Check Pods Manifest.lock */,
				22B4ACB1262C1E1500B87217 /* Sources */,
				22B4ACB2262C1E1500B87217 /* Frameworks */,
				22B4ACB3262C1E1500B87217 /* Resources */,
				E79D79A107233738971AE8BF /* [CP] Embed Pods Frameworks */,
			);
			buildRules = (
			);
			dependencies = (
			);
			name = ZeroWaste;
			productName = ZeroWaste;
			productReference = 22B4ACB5262C1E1500B87217 /* ZeroWaste.app */;
			productType = "com.apple.product-type.application";
		};
		22B4ACC5262C1E1600B87217 /* ZeroWasteTests */ = {
			isa = PBXNativeTarget;
			buildConfigurationList = 22B4ACDD262C1E1700B87217 /* Build configuration list for PBXNativeTarget "ZeroWasteTests" */;
			buildPhases = (
				B65EB121196C98B3B2A6219C /* [CP] Check Pods Manifest.lock */,
				22B4ACC2262C1E1600B87217 /* Sources */,
				22B4ACC3262C1E1600B87217 /* Frameworks */,
				22B4ACC4262C1E1600B87217 /* Resources */,
			);
			buildRules = (
			);
			dependencies = (
				22B4ACC8262C1E1600B87217 /* PBXTargetDependency */,
			);
			name = ZeroWasteTests;
			productName = ZeroWasteTests;
			productReference = 22B4ACC6262C1E1600B87217 /* ZeroWasteTests.xctest */;
			productType = "com.apple.product-type.bundle.unit-test";
		};
		22B4ACD0262C1E1700B87217 /* ZeroWasteUITests */ = {
			isa = PBXNativeTarget;
			buildConfigurationList = 22B4ACE0262C1E1700B87217 /* Build configuration list for PBXNativeTarget "ZeroWasteUITests" */;
			buildPhases = (
				4E963D3C3286373FD5F8EA22 /* [CP] Check Pods Manifest.lock */,
				22B4ACCD262C1E1700B87217 /* Sources */,
				22B4ACCE262C1E1700B87217 /* Frameworks */,
				22B4ACCF262C1E1700B87217 /* Resources */,
				A041D844AA8858F792EEC717 /* [CP] Embed Pods Frameworks */,
			);
			buildRules = (
			);
			dependencies = (
				22B4ACD3262C1E1700B87217 /* PBXTargetDependency */,
			);
			name = ZeroWasteUITests;
			productName = ZeroWasteUITests;
			productReference = 22B4ACD1262C1E1700B87217 /* ZeroWasteUITests.xctest */;
			productType = "com.apple.product-type.bundle.ui-testing";
		};
/* End PBXNativeTarget section */

/* Begin PBXProject section */
		22B4ACAD262C1E1500B87217 /* Project object */ = {
			isa = PBXProject;
			attributes = {
				LastSwiftUpdateCheck = 1240;
				LastUpgradeCheck = 1240;
				TargetAttributes = {
					22B4ACB4262C1E1500B87217 = {
						CreatedOnToolsVersion = 12.4;
					};
					22B4ACC5262C1E1600B87217 = {
						CreatedOnToolsVersion = 12.4;
						TestTargetID = 22B4ACB4262C1E1500B87217;
					};
					22B4ACD0262C1E1700B87217 = {
						CreatedOnToolsVersion = 12.4;
						TestTargetID = 22B4ACB4262C1E1500B87217;
					};
				};
			};
			buildConfigurationList = 22B4ACB0262C1E1500B87217 /* Build configuration list for PBXProject "ZeroWaste" */;
			compatibilityVersion = "Xcode 9.3";
			developmentRegion = en;
			hasScannedForEncodings = 0;
			knownRegions = (
				en,
				Base,
			);
			mainGroup = 22B4ACAC262C1E1500B87217;
			productRefGroup = 22B4ACB6262C1E1500B87217 /* Products */;
			projectDirPath = "";
			projectRoot = "";
			targets = (
				22B4ACB4262C1E1500B87217 /* ZeroWaste */,
				22B4ACC5262C1E1600B87217 /* ZeroWasteTests */,
				22B4ACD0262C1E1700B87217 /* ZeroWasteUITests */,
			);
		};
/* End PBXProject section */

/* Begin PBXResourcesBuildPhase section */
		22B4ACB3262C1E1500B87217 /* Resources */ = {
			isa = PBXResourcesBuildPhase;
			buildActionMask = 2147483647;
			files = (
				22B4ACC0262C1E1600B87217 /* Preview Assets.xcassets in Resources */,
				22B4ACBD262C1E1600B87217 /* Assets.xcassets in Resources */,
			);
			runOnlyForDeploymentPostprocessing = 0;
		};
		22B4ACC4262C1E1600B87217 /* Resources */ = {
			isa = PBXResourcesBuildPhase;
			buildActionMask = 2147483647;
			files = (
			);
			runOnlyForDeploymentPostprocessing = 0;
		};
		22B4ACCF262C1E1700B87217 /* Resources */ = {
			isa = PBXResourcesBuildPhase;
			buildActionMask = 2147483647;
			files = (
			);
			runOnlyForDeploymentPostprocessing = 0;
		};
/* End PBXResourcesBuildPhase section */

/* Begin PBXShellScriptBuildPhase section */
		4E963D3C3286373FD5F8EA22 /* [CP] Check Pods Manifest.lock */ = {
			isa = PBXShellScriptBuildPhase;
			buildActionMask = 2147483647;
			files = (
			);
			inputFileListPaths = (
			);
			inputPaths = (
				"${PODS_PODFILE_DIR_PATH}/Podfile.lock",
				"${PODS_ROOT}/Manifest.lock",
			);
			name = "[CP] Check Pods Manifest.lock";
			outputFileListPaths = (
			);
			outputPaths = (
				"$(DERIVED_FILE_DIR)/Pods-ZeroWaste-ZeroWasteUITests-checkManifestLockResult.txt",
			);
			runOnlyForDeploymentPostprocessing = 0;
			shellPath = /bin/sh;
			shellScript = "diff \"${PODS_PODFILE_DIR_PATH}/Podfile.lock\" \"${PODS_ROOT}/Manifest.lock\" > /dev/null\nif [ $? != 0 ] ; then\n    # print error to STDERR\n    echo \"error: The sandbox is not in sync with the Podfile.lock. Run 'pod install' or update your CocoaPods installation.\" >&2\n    exit 1\nfi\n# This output is used by Xcode 'outputs' to avoid re-running this script phase.\necho \"SUCCESS\" > \"${SCRIPT_OUTPUT_FILE_0}\"\n";
			showEnvVarsInLog = 0;
		};
		A041D844AA8858F792EEC717 /* [CP] Embed Pods Frameworks */ = {
			isa = PBXShellScriptBuildPhase;
			buildActionMask = 2147483647;
			files = (
			);
			inputFileListPaths = (
				"${PODS_ROOT}/Target Support Files/Pods-ZeroWaste-ZeroWasteUITests/Pods-ZeroWaste-ZeroWasteUITests-frameworks-${CONFIGURATION}-input-files.xcfilelist",
			);
			name = "[CP] Embed Pods Frameworks";
			outputFileListPaths = (
				"${PODS_ROOT}/Target Support Files/Pods-ZeroWaste-ZeroWasteUITests/Pods-ZeroWaste-ZeroWasteUITests-frameworks-${CONFIGURATION}-output-files.xcfilelist",
			);
			runOnlyForDeploymentPostprocessing = 0;
			shellPath = /bin/sh;
			shellScript = "\"${PODS_ROOT}/Target Support Files/Pods-ZeroWaste-ZeroWasteUITests/Pods-ZeroWaste-ZeroWasteUITests-frameworks.sh\"\n";
			showEnvVarsInLog = 0;
		};
		B65EB121196C98B3B2A6219C /* [CP] Check Pods Manifest.lock */ = {
			isa = PBXShellScriptBuildPhase;
			buildActionMask = 2147483647;
			files = (
			);
			inputFileListPaths = (
			);
			inputPaths = (
				"${PODS_PODFILE_DIR_PATH}/Podfile.lock",
				"${PODS_ROOT}/Manifest.lock",
			);
			name = "[CP] Check Pods Manifest.lock";
			outputFileListPaths = (
			);
			outputPaths = (
				"$(DERIVED_FILE_DIR)/Pods-ZeroWasteTests-checkManifestLockResult.txt",
			);
			runOnlyForDeploymentPostprocessing = 0;
			shellPath = /bin/sh;
			shellScript = "diff \"${PODS_PODFILE_DIR_PATH}/Podfile.lock\" \"${PODS_ROOT}/Manifest.lock\" > /dev/null\nif [ $? != 0 ] ; then\n    # print error to STDERR\n    echo \"error: The sandbox is not in sync with the Podfile.lock. Run 'pod install' or update your CocoaPods installation.\" >&2\n    exit 1\nfi\n# This output is used by Xcode 'outputs' to avoid re-running this script phase.\necho \"SUCCESS\" > \"${SCRIPT_OUTPUT_FILE_0}\"\n";
			showEnvVarsInLog = 0;
		};
		E79D79A107233738971AE8BF /* [CP] Embed Pods Frameworks */ = {
			isa = PBXShellScriptBuildPhase;
			buildActionMask = 2147483647;
			files = (
			);
			inputFileListPaths = (
				"${PODS_ROOT}/Target Support Files/Pods-ZeroWaste/Pods-ZeroWaste-frameworks-${CONFIGURATION}-input-files.xcfilelist",
			);
			name = "[CP] Embed Pods Frameworks";
			outputFileListPaths = (
				"${PODS_ROOT}/Target Support Files/Pods-ZeroWaste/Pods-ZeroWaste-frameworks-${CONFIGURATION}-output-files.xcfilelist",
			);
			runOnlyForDeploymentPostprocessing = 0;
			shellPath = /bin/sh;
			shellScript = "\"${PODS_ROOT}/Target Support Files/Pods-ZeroWaste/Pods-ZeroWaste-frameworks.sh\"\n";
			showEnvVarsInLog = 0;
		};
		E832683C6176590BA9283265 /* [CP] Check Pods Manifest.lock */ = {
			isa = PBXShellScriptBuildPhase;
			buildActionMask = 2147483647;
			files = (
			);
			inputFileListPaths = (
			);
			inputPaths = (
				"${PODS_PODFILE_DIR_PATH}/Podfile.lock",
				"${PODS_ROOT}/Manifest.lock",
			);
			name = "[CP] Check Pods Manifest.lock";
			outputFileListPaths = (
			);
			outputPaths = (
				"$(DERIVED_FILE_DIR)/Pods-ZeroWaste-checkManifestLockResult.txt",
			);
			runOnlyForDeploymentPostprocessing = 0;
			shellPath = /bin/sh;
			shellScript = "diff \"${PODS_PODFILE_DIR_PATH}/Podfile.lock\" \"${PODS_ROOT}/Manifest.lock\" > /dev/null\nif [ $? != 0 ] ; then\n    # print error to STDERR\n    echo \"error: The sandbox is not in sync with the Podfile.lock. Run 'pod install' or update your CocoaPods installation.\" >&2\n    exit 1\nfi\n# This output is used by Xcode 'outputs' to avoid re-running this script phase.\necho \"SUCCESS\" > \"${SCRIPT_OUTPUT_FILE_0}\"\n";
			showEnvVarsInLog = 0;
		};
/* End PBXShellScriptBuildPhase section */

/* Begin PBXSourcesBuildPhase section */
		22B4ACB1262C1E1500B87217 /* Sources */ = {
			isa = PBXSourcesBuildPhase;
			buildActionMask = 2147483647;
			files = (
				22B4ACBB262C1E1600B87217 /* ContentView.swift in Sources */,
				22B4ACB9262C1E1600B87217 /* ZeroWasteApp.swift in Sources */,
			);
			runOnlyForDeploymentPostprocessing = 0;
		};
		22B4ACC2262C1E1600B87217 /* Sources */ = {
			isa = PBXSourcesBuildPhase;
			buildActionMask = 2147483647;
			files = (
				22B4ACCB262C1E1600B87217 /* ZeroWasteTests.swift in Sources */,
			);
			runOnlyForDeploymentPostprocessing = 0;
		};
		22B4ACCD262C1E1700B87217 /* Sources */ = {
			isa = PBXSourcesBuildPhase;
			buildActionMask = 2147483647;
			files = (
				22B4ACD6262C1E1700B87217 /* ZeroWasteUITests.swift in Sources */,
			);
			runOnlyForDeploymentPostprocessing = 0;
		};
/* End PBXSourcesBuildPhase section */

/* Begin PBXTargetDependency section */
		22B4ACC8262C1E1600B87217 /* PBXTargetDependency */ = {
			isa = PBXTargetDependency;
			target = 22B4ACB4262C1E1500B87217 /* ZeroWaste */;
			targetProxy = 22B4ACC7262C1E1600B87217 /* PBXContainerItemProxy */;
		};
		22B4ACD3262C1E1700B87217 /* PBXTargetDependency */ = {
			isa = PBXTargetDependency;
			target = 22B4ACB4262C1E1500B87217 /* ZeroWaste */;
			targetProxy = 22B4ACD2262C1E1700B87217 /* PBXContainerItemProxy */;
		};
/* End PBXTargetDependency section */

/* Begin XCBuildConfiguration section */
		22B4ACD8262C1E1700B87217 /* Debug */ = {
			isa = XCBuildConfiguration;
			buildSettings = {
				ALWAYS_SEARCH_USER_PATHS = NO;
				CLANG_ANALYZER_NONNULL = YES;
				CLANG_ANALYZER_NUMBER_OBJECT_CONVERSION = YES_AGGRESSIVE;
				CLANG_CXX_LANGUAGE_STANDARD = "gnu++14";
				CLANG_CXX_LIBRARY = "libc++";
				CLANG_ENABLE_MODULES = YES;
				CLANG_ENABLE_OBJC_ARC = YES;
				CLANG_ENABLE_OBJC_WEAK = YES;
				CLANG_WARN_BLOCK_CAPTURE_AUTORELEASING = YES;
				CLANG_WARN_BOOL_CONVERSION = YES;
				CLANG_WARN_COMMA = YES;
				CLANG_WARN_CONSTANT_CONVERSION = YES;
				CLANG_WARN_DEPRECATED_OBJC_IMPLEMENTATIONS = YES;
				CLANG_WARN_DIRECT_OBJC_ISA_USAGE = YES_ERROR;
				CLANG_WARN_DOCUMENTATION_COMMENTS = YES;
				CLANG_WARN_EMPTY_BODY = YES;
				CLANG_WARN_ENUM_CONVERSION = YES;
				CLANG_WARN_INFINITE_RECURSION = YES;
				CLANG_WARN_INT_CONVERSION = YES;
				CLANG_WARN_NON_LITERAL_NULL_CONVERSION = YES;
				CLANG_WARN_OBJC_IMPLICIT_RETAIN_SELF = YES;
				CLANG_WARN_OBJC_LITERAL_CONVERSION = YES;
				CLANG_WARN_OBJC_ROOT_CLASS = YES_ERROR;
				CLANG_WARN_QUOTED_INCLUDE_IN_FRAMEWORK_HEADER = YES;
				CLANG_WARN_RANGE_LOOP_ANALYSIS = YES;
				CLANG_WARN_STRICT_PROTOTYPES = YES;
				CLANG_WARN_SUSPICIOUS_MOVE = YES;
				CLANG_WARN_UNGUARDED_AVAILABILITY = YES_AGGRESSIVE;
				CLANG_WARN_UNREACHABLE_CODE = YES;
				CLANG_WARN__DUPLICATE_METHOD_MATCH = YES;
				COPY_PHASE_STRIP = NO;
				DEBUG_INFORMATION_FORMAT = dwarf;
				ENABLE_STRICT_OBJC_MSGSEND = YES;
				ENABLE_TESTABILITY = YES;
				GCC_C_LANGUAGE_STANDARD = gnu11;
				GCC_DYNAMIC_NO_PIC = NO;
				GCC_NO_COMMON_BLOCKS = YES;
				GCC_OPTIMIZATION_LEVEL = 0;
				GCC_PREPROCESSOR_DEFINITIONS = (
					"DEBUG=1",
					"$(inherited)",
				);
				GCC_WARN_64_TO_32_BIT_CONVERSION = YES;
				GCC_WARN_ABOUT_RETURN_TYPE = YES_ERROR;
				GCC_WARN_UNDECLARED_SELECTOR = YES;
				GCC_WARN_UNINITIALIZED_AUTOS = YES_AGGRESSIVE;
				GCC_WARN_UNUSED_FUNCTION = YES;
				GCC_WARN_UNUSED_VARIABLE = YES;
				IPHONEOS_DEPLOYMENT_TARGET = 14.4;
				MTL_ENABLE_DEBUG_INFO = INCLUDE_SOURCE;
				MTL_FAST_MATH = YES;
				ONLY_ACTIVE_ARCH = YES;
				SDKROOT = iphoneos;
				SWIFT_ACTIVE_COMPILATION_CONDITIONS = DEBUG;
				SWIFT_OPTIMIZATION_LEVEL = "-Onone";
			};
			name = Debug;
		};
		22B4ACD9262C1E1700B87217 /* Release */ = {
			isa = XCBuildConfiguration;
			buildSettings = {
				ALWAYS_SEARCH_USER_PATHS = NO;
				CLANG_ANALYZER_NONNULL = YES;
				CLANG_ANALYZER_NUMBER_OBJECT_CONVERSION = YES_AGGRESSIVE;
				CLANG_CXX_LANGUAGE_STANDARD = "gnu++14";
				CLANG_CXX_LIBRARY = "libc++";
				CLANG_ENABLE_MODULES = YES;
				CLANG_ENABLE_OBJC_ARC = YES;
				CLANG_ENABLE_OBJC_WEAK = YES;
				CLANG_WARN_BLOCK_CAPTURE_AUTORELEASING = YES;
				CLANG_WARN_BOOL_CONVERSION = YES;
				CLANG_WARN_COMMA = YES;
				CLANG_WARN_CONSTANT_CONVERSION = YES;
				CLANG_WARN_DEPRECATED_OBJC_IMPLEMENTATIONS = YES;
				CLANG_WARN_DIRECT_OBJC_ISA_USAGE = YES_ERROR;
				CLANG_WARN_DOCUMENTATION_COMMENTS = YES;
				CLANG_WARN_EMPTY_BODY = YES;
				CLANG_WARN_ENUM_CONVERSION = YES;
				CLANG_WARN_INFINITE_RECURSION = YES;
				CLANG_WARN_INT_CONVERSION = YES;
				CLANG_WARN_NON_LITERAL_NULL_CONVERSION = YES;
				CLANG_WARN_OBJC_IMPLICIT_RETAIN_SELF = YES;
				CLANG_WARN_OBJC_LITERAL_CONVERSION = YES;
				CLANG_WARN_OBJC_ROOT_CLASS = YES_ERROR;
				CLANG_WARN_QUOTED_INCLUDE_IN_FRAMEWORK_HEADER = YES;
				CLANG_WARN_RANGE_LOOP_ANALYSIS = YES;
				CLANG_WARN_STRICT_PROTOTYPES = YES;
				CLANG_WARN_SUSPICIOUS_MOVE = YES;
				CLANG_WARN_UNGUARDED_AVAILABILITY = YES_AGGRESSIVE;
				CLANG_WARN_UNREACHABLE_CODE = YES;
				CLANG_WARN__DUPLICATE_METHOD_MATCH = YES;
				COPY_PHASE_STRIP = NO;
				DEBUG_INFORMATION_FORMAT = "dwarf-with-dsym";
				ENABLE_NS_ASSERTIONS = NO;
				ENABLE_STRICT_OBJC_MSGSEND = YES;
				GCC_C_LANGUAGE_STANDARD = gnu11;
				GCC_NO_COMMON_BLOCKS = YES;
				GCC_WARN_64_TO_32_BIT_CONVERSION = YES;
				GCC_WARN_ABOUT_RETURN_TYPE = YES_ERROR;
				GCC_WARN_UNDECLARED_SELECTOR = YES;
				GCC_WARN_UNINITIALIZED_AUTOS = YES_AGGRESSIVE;
				GCC_WARN_UNUSED_FUNCTION = YES;
				GCC_WARN_UNUSED_VARIABLE = YES;
				IPHONEOS_DEPLOYMENT_TARGET = 14.4;
				MTL_ENABLE_DEBUG_INFO = NO;
				MTL_FAST_MATH = YES;
				SDKROOT = iphoneos;
				SWIFT_COMPILATION_MODE = wholemodule;
				SWIFT_OPTIMIZATION_LEVEL = "-O";
				VALIDATE_PRODUCT = YES;
			};
			name = Release;
		};
		22B4ACDB262C1E1700B87217 /* Debug */ = {
			isa = XCBuildConfiguration;
			baseConfigurationReference = DED86F3AE05AB98858CEC968 /* Pods-ZeroWaste.debug.xcconfig */;
			buildSettings = {
				ASSETCATALOG_COMPILER_APPICON_NAME = AppIcon;
				ASSETCATALOG_COMPILER_GLOBAL_ACCENT_COLOR_NAME = AccentColor;
				CODE_SIGN_STYLE = Automatic;
				DEVELOPMENT_ASSET_PATHS = "\"ZeroWaste/Preview Content\"";
				DEVELOPMENT_TEAM = 97K6NR4M6U;
				ENABLE_PREVIEWS = YES;
				INFOPLIST_FILE = ZeroWaste/Info.plist;
				IPHONEOS_DEPLOYMENT_TARGET = 14.0;
				LD_RUNPATH_SEARCH_PATHS = (
					"$(inherited)",
					"@executable_path/Frameworks",
				);
				PRODUCT_BUNDLE_IDENTIFIER = com.krgoodnews.ZeroWaste;
				PRODUCT_NAME = "$(TARGET_NAME)";
				SWIFT_VERSION = 5.0;
				TARGETED_DEVICE_FAMILY = "1,2";
			};
			name = Debug;
		};
		22B4ACDC262C1E1700B87217 /* Release */ = {
			isa = XCBuildConfiguration;
			baseConfigurationReference = EC120ECA6E5D1A30C082B4A6 /* Pods-ZeroWaste.release.xcconfig */;
			buildSettings = {
				ASSETCATALOG_COMPILER_APPICON_NAME = AppIcon;
				ASSETCATALOG_COMPILER_GLOBAL_ACCENT_COLOR_NAME = AccentColor;
				CODE_SIGN_STYLE = Automatic;
				DEVELOPMENT_ASSET_PATHS = "\"ZeroWaste/Preview Content\"";
				DEVELOPMENT_TEAM = 97K6NR4M6U;
				ENABLE_PREVIEWS = YES;
				INFOPLIST_FILE = ZeroWaste/Info.plist;
				IPHONEOS_DEPLOYMENT_TARGET = 14.0;
				LD_RUNPATH_SEARCH_PATHS = (
					"$(inherited)",
					"@executable_path/Frameworks",
				);
				PRODUCT_BUNDLE_IDENTIFIER = com.krgoodnews.ZeroWaste;
				PRODUCT_NAME = "$(TARGET_NAME)";
				SWIFT_VERSION = 5.0;
				TARGETED_DEVICE_FAMILY = "1,2";
			};
			name = Release;
		};
		22B4ACDE262C1E1700B87217 /* Debug */ = {
			isa = XCBuildConfiguration;
			baseConfigurationReference = 7DFA54C7B1B1F103B5F44171 /* Pods-ZeroWasteTests.debug.xcconfig */;
			buildSettings = {
				ALWAYS_EMBED_SWIFT_STANDARD_LIBRARIES = YES;
				BUNDLE_LOADER = "$(TEST_HOST)";
				CODE_SIGN_STYLE = Automatic;
				DEVELOPMENT_TEAM = 97K6NR4M6U;
				INFOPLIST_FILE = ZeroWasteTests/Info.plist;
				IPHONEOS_DEPLOYMENT_TARGET = 14.0;
				LD_RUNPATH_SEARCH_PATHS = (
					"$(inherited)",
					"@executable_path/Frameworks",
					"@loader_path/Frameworks",
				);
				PRODUCT_BUNDLE_IDENTIFIER = com.krgoodnews.ZeroWasteTests;
				PRODUCT_NAME = "$(TARGET_NAME)";
				SWIFT_VERSION = 5.0;
				TARGETED_DEVICE_FAMILY = "1,2";
				TEST_HOST = "$(BUILT_PRODUCTS_DIR)/ZeroWaste.app/ZeroWaste";
			};
			name = Debug;
		};
		22B4ACDF262C1E1700B87217 /* Release */ = {
			isa = XCBuildConfiguration;
			baseConfigurationReference = 7026233FBFA6BAE00AA5D687 /* Pods-ZeroWasteTests.release.xcconfig */;
			buildSettings = {
				ALWAYS_EMBED_SWIFT_STANDARD_LIBRARIES = YES;
				BUNDLE_LOADER = "$(TEST_HOST)";
				CODE_SIGN_STYLE = Automatic;
				DEVELOPMENT_TEAM = 97K6NR4M6U;
				INFOPLIST_FILE = ZeroWasteTests/Info.plist;
				IPHONEOS_DEPLOYMENT_TARGET = 14.0;
				LD_RUNPATH_SEARCH_PATHS = (
					"$(inherited)",
					"@executable_path/Frameworks",
					"@loader_path/Frameworks",
				);
				PRODUCT_BUNDLE_IDENTIFIER = com.krgoodnews.ZeroWasteTests;
				PRODUCT_NAME = "$(TARGET_NAME)";
				SWIFT_VERSION = 5.0;
				TARGETED_DEVICE_FAMILY = "1,2";
				TEST_HOST = "$(BUILT_PRODUCTS_DIR)/ZeroWaste.app/ZeroWaste";
			};
			name = Release;
		};
		22B4ACE1262C1E1700B87217 /* Debug */ = {
			isa = XCBuildConfiguration;
			baseConfigurationReference = A3C8E0F189197455C3DDBF6D /* Pods-ZeroWaste-ZeroWasteUITests.debug.xcconfig */;
			buildSettings = {
				ALWAYS_EMBED_SWIFT_STANDARD_LIBRARIES = YES;
				CODE_SIGN_STYLE = Automatic;
				DEVELOPMENT_TEAM = 97K6NR4M6U;
				INFOPLIST_FILE = ZeroWasteUITests/Info.plist;
				LD_RUNPATH_SEARCH_PATHS = (
					"$(inherited)",
					"@executable_path/Frameworks",
					"@loader_path/Frameworks",
				);
				PRODUCT_BUNDLE_IDENTIFIER = com.krgoodnews.ZeroWasteUITests;
				PRODUCT_NAME = "$(TARGET_NAME)";
				SWIFT_VERSION = 5.0;
				TARGETED_DEVICE_FAMILY = "1,2";
				TEST_TARGET_NAME = ZeroWaste;
			};
			name = Debug;
		};
		22B4ACE2262C1E1700B87217 /* Release */ = {
			isa = XCBuildConfiguration;
			baseConfigurationReference = 3C034AD7BC4460DD09EAB5ED /* Pods-ZeroWaste-ZeroWasteUITests.release.xcconfig */;
			buildSettings = {
				ALWAYS_EMBED_SWIFT_STANDARD_LIBRARIES = YES;
				CODE_SIGN_STYLE = Automatic;
				DEVELOPMENT_TEAM = 97K6NR4M6U;
				INFOPLIST_FILE = ZeroWasteUITests/Info.plist;
				LD_RUNPATH_SEARCH_PATHS = (
					"$(inherited)",
					"@executable_path/Frameworks",
					"@loader_path/Frameworks",
				);
				PRODUCT_BUNDLE_IDENTIFIER = com.krgoodnews.ZeroWasteUITests;
				PRODUCT_NAME = "$(TARGET_NAME)";
				SWIFT_VERSION = 5.0;
				TARGETED_DEVICE_FAMILY = "1,2";
				TEST_TARGET_NAME = ZeroWaste;
			};
			name = Release;
		};
/* End XCBuildConfiguration section */

/* Begin XCConfigurationList section */
		22B4ACB0262C1E1500B87217 /* Build configuration list for PBXProject "ZeroWaste" */ = {
			isa = XCConfigurationList;
			buildConfigurations = (
				22B4ACD8262C1E1700B87217 /* Debug */,
				22B4ACD9262C1E1700B87217 /* Release */,
			);
			defaultConfigurationIsVisible = 0;
			defaultConfigurationName = Release;
		};
		22B4ACDA262C1E1700B87217 /* Build configuration list for PBXNativeTarget "ZeroWaste" */ = {
			isa = XCConfigurationList;
			buildConfigurations = (
				22B4ACDB262C1E1700B87217 /* Debug */,
				22B4ACDC262C1E1700B87217 /* Release */,
			);
			defaultConfigurationIsVisible = 0;
			defaultConfigurationName = Release;
		};
		22B4ACDD262C1E1700B87217 /* Build configuration list for PBXNativeTarget "ZeroWasteTests" */ = {
			isa = XCConfigurationList;
			buildConfigurations = (
				22B4ACDE262C1E1700B87217 /* Debug */,
				22B4ACDF262C1E1700B87217 /* Release */,
			);
			defaultConfigurationIsVisible = 0;
			defaultConfigurationName = Release;
		};
		22B4ACE0262C1E1700B87217 /* Build configuration list for PBXNativeTarget "ZeroWasteUITests" */ = {
			isa = XCConfigurationList;
			buildConfigurations = (
				22B4ACE1262C1E1700B87217 /* Debug */,
				22B4ACE2262C1E1700B87217 /* Release */,
			);
			defaultConfigurationIsVisible = 0;
			defaultConfigurationName = Release;
		};
/* End XCConfigurationList section */
	};
	rootObject = 22B4ACAD262C1E1500B87217 /* Project object */;
}
