PODS:
  - R.swift (5.4.0):
    - R.swift.Library (~> 5.3.0)
  - R.swift.Library (5.3.0)
  - Then (2.7.0)

DEPENDENCIES:
  - R.swift
  - Then

SPEC REPOS:
  trunk:
    - R.swift
    - R.swift.Library
    - Then

SPEC CHECKSUMS:
  R.swift: c533450b0f7dc494e0993f5f1a1db925d84c3006
  R.swift.Library: 0fc583cb55a99e28901299cc451614cad1161962
  Then: acfe0be7e98221c6204e12f8161459606d5d822d

PODFILE CHECKSUM: cc3b657ecd6b61389ca58baa7f5cb79bb1eb9f58

COCOAPODS: 1.10.0
