PODS:
  - Alamofire (5.4.2)
  - KakaoSDKAuth (2.4.1):
    - KakaoSDKCommon (= 2.4.1)
  - KakaoSDKCommon (2.4.1):
    - KakaoSDKCommon/Common (= 2.4.1)
    - KakaoSDKCommon/Network (= 2.4.1)
  - KakaoSDKCommon/Common (2.4.1)
  - KakaoSDKCommon/Network (2.4.1):
    - Alamofire (~> 5.1)
    - KakaoSDKCommon/Common (= 2.4.1)
  - KakaoSDKUser (2.4.1):
    - KakaoSDKAuth (= 2.4.1)
    - KakaoSDKCommon (= 2.4.1)
  - Then (2.7.0)

DEPENDENCIES:
  - KakaoSDKAuth
  - KakaoSDKCommon
  - KakaoSDKUser
  - Then

SPEC REPOS:
  trunk:
    - Alamofire
    - KakaoSDKAuth
    - KakaoSDKCommon
    - KakaoSDKUser
    - Then

SPEC CHECKSUMS:
  Alamofire: bfbc4c2fe5909b1d94fb4ef2277c6b3727ef5dae
  KakaoSDKAuth: fcba1c9ede431683f5bdd84c835a96981cb115a5
  KakaoSDKCommon: 0912aa0c7db051ae8dc07a35395cf644f7728f95
  KakaoSDKUser: 11955811d99d1ff1f1dfd5428afe69937e31ccef
  Then: acfe0be7e98221c6204e12f8161459606d5d822d

PODFILE CHECKSUM: 6d93e1305d8984f009f803634509ec05579d17e6

COCOAPODS: 1.10.0
