PODS:
  - Alamofire (5.4.3)
  - KakaoSDKAuth (2.5.2):
    - KakaoSDKCommon (= 2.5.2)
  - KakaoSDKCommon (2.5.2):
    - KakaoSDKCommon/Common (= 2.5.2)
    - KakaoSDKCommon/Network (= 2.5.2)
  - KakaoSDKCommon/Common (2.5.2)
  - KakaoSDKCommon/Network (2.5.2):
    - Alamofire (~> 5.1)
    - KakaoSDKCommon/Common (= 2.5.2)
  - KakaoSDKUser (2.5.2):
    - KakaoSDKAuth (= 2.5.2)
  - Then (2.7.0)

DEPENDENCIES:
  - KakaoSDKAuth
  - KakaoSDKCommon
  - KakaoSDKUser
  - Then

SPEC REPOS:
  trunk:
    - Alamofire
    - KakaoSDKAuth
    - KakaoSDKCommon
    - KakaoSDKUser
    - Then

SPEC CHECKSUMS:
  Alamofire: e447a2774a40c996748296fa2c55112fdbbc42f9
  KakaoSDKAuth: 81715662c03e4c8c1a140f293e9fd6fd68b2e9dd
  KakaoSDKCommon: 887e22f7aa4647bd0a7d1397512fc5f6211b83d6
  KakaoSDKUser: b79c1a18da69681de7c9d3fa59e83c37b711ce7e
  Then: acfe0be7e98221c6204e12f8161459606d5d822d

PODFILE CHECKSUM: 6d93e1305d8984f009f803634509ec05579d17e6

COCOAPODS: 1.10.0
